// !$*UTF8*$!
{
	archiveVersion = 1;
	classes = {
	};
	objectVersion = 77;
	objects = {

/* Begin PBXBuildFile section */
		720CCE432E3960BB002DD82E /* Globals.swift in Sources */ = {isa = PBXBuildFile; fileRef = 720CCE422E3960BB002DD82E /* Globals.swift */; };
		720CCE442E3960BB002DD82E /* Globals.swift in Sources */ = {isa = PBXBuildFile; fileRef = 720CCE422E3960BB002DD82E /* Globals.swift */; };
		720CCE452E3960BB002DD82E /* Globals.swift in Sources */ = {isa = PBXBuildFile; fileRef = 720CCE422E3960BB002DD82E /* Globals.swift */; };
		720CCE462E3960BB002DD82E /* Globals.swift in Sources */ = {isa = PBXBuildFile; fileRef = 720CCE422E3960BB002DD82E /* Globals.swift */; };
		720DEC682D2456FF006EA342 /* CreditsView.swift in Sources */ = {isa = PBXBuildFile; fileRef = 720DEC642D2456FF006EA342 /* CreditsView.swift */; };
		723CE2FB2FAF098400E83F5A /* NamesOfAllah.json in Resources */ = {isa = PBXBuildFile; fileRef = 723CE2FA2FAF098400E83F5A /* NamesOfAllah.json */; };
		723CE2FC2FAF098400E83F5A /* NamesOfAllah.json in Resources */ = {isa = PBXBuildFile; fileRef = 723CE2FA2FAF098400E83F5A /* NamesOfAllah.json */; };
		723CE2FE2FAF099200E83F5A /* Uthmani.ttf in Resources */ = {isa = PBXBuildFile; fileRef = 723CE2FD2FAF099200E83F5A /* Uthmani.ttf */; };
		723CE2FF2FAF099200E83F5A /* Uthmani.ttf in Resources */ = {isa = PBXBuildFile; fileRef = 723CE2FD2FAF099200E83F5A /* Uthmani.ttf */; };
		723CE3002FAF099200E83F5A /* Uthmani.ttf in Resources */ = {isa = PBXBuildFile; fileRef = 723CE2FD2FAF099200E83F5A /* Uthmani.ttf */; };
		723CE3012FAF099200E83F5A /* Uthmani.ttf in Resources */ = {isa = PBXBuildFile; fileRef = 723CE2FD2FAF099200E83F5A /* Uthmani.ttf */; };
		724C66892FF08EEE00C0E1BB /* LockScreenLast3Widget.swift in Sources */ = {isa = PBXBuildFile; fileRef = 724C66872FF08EEE00C0E1BB /* LockScreenLast3Widget.swift */; };
		724C668A2FF08EEE00C0E1BB /* CountdownWidget.swift in Sources */ = {isa = PBXBuildFile; fileRef = 724C66812FF08EEE00C0E1BB /* CountdownWidget.swift */; };
		724C668B2FF08EEE00C0E1BB /* CountdownSimpleWidget.swift in Sources */ = {isa = PBXBuildFile; fileRef = 724C66802FF08EEE00C0E1BB /* CountdownSimpleWidget.swift */; };
		724C668C2FF08EEE00C0E1BB /* PrayersGridWidget.swift in Sources */ = {isa = PBXBuildFile; fileRef = 724C66832FF08EEE00C0E1BB /* PrayersGridWidget.swift */; };
		724C668D2FF08EEE00C0E1BB /* LockScreenNextWidget.swift in Sources */ = {isa = PBXBuildFile; fileRef = 724C66842FF08EEE00C0E1BB /* LockScreenNextWidget.swift */; };
		724C668E2FF08EEE00C0E1BB /* LockScreenFirst3Widget.swift in Sources */ = {isa = PBXBuildFile; fileRef = 724C66862FF08EEE00C0E1BB /* LockScreenFirst3Widget.swift */; };
		724C668F2FF08EEE00C0E1BB /* PrayersProvider.swift in Sources */ = {isa = PBXBuildFile; fileRef = 724C667F2FF08EEE00C0E1BB /* PrayersProvider.swift */; };
		724C66902FF08EEE00C0E1BB /* PrayersSplitWidget.swift in Sources */ = {isa = PBXBuildFile; fileRef = 724C66822FF08EEE00C0E1BB /* PrayersSplitWidget.swift */; };
		724C66912FF08EEE00C0E1BB /* LockScreenPrayerWidget.swift in Sources */ = {isa = PBXBuildFile; fileRef = 724C66852FF08EEE00C0E1BB /* LockScreenPrayerWidget.swift */; };
		724C66922FF08EF300C0E1BB /* PrayersProvider.swift in Sources */ = {isa = PBXBuildFile; fileRef = 724C667F2FF08EEE00C0E1BB /* PrayersProvider.swift */; };
		724D08FF2FEFA8FB002C32AB /* AdhanView.swift in Sources */ = {isa = PBXBuildFile; fileRef = 724D08F62FEFA8FB002C32AB /* AdhanView.swift */; };
		724D09002FEFA8FB002C32AB /* PrayerCountdown.swift in Sources */ = {isa = PBXBuildFile; fileRef = 724D08F82FEFA8FB002C32AB /* PrayerCountdown.swift */; };
		724D09012FEFA8FB002C32AB /* MapView.swift in Sources */ = {isa = PBXBuildFile; fileRef = 724D08FC2FEFA8FB002C32AB /* MapView.swift */; };
		724D09022FEFA8FB002C32AB /* AdhanStructs.swift in Sources */ = {isa = PBXBuildFile; fileRef = 724D08F52FEFA8FB002C32AB /* AdhanStructs.swift */; };
		724D09032FEFA8FB002C32AB /* QiblaView.swift in Sources */ = {isa = PBXBuildFile; fileRef = 724D08F72FEFA8FB002C32AB /* QiblaView.swift */; };
		724D09042FEFA8FB002C32AB /* AdhanShortcuts.swift in Sources */ = {isa = PBXBuildFile; fileRef = 724D08FD2FEFA8FB002C32AB /* AdhanShortcuts.swift */; };
		724D09052FEFA8FB002C32AB /* CalendarView.swift in Sources */ = {isa = PBXBuildFile; fileRef = 724D08FA2FEFA8FB002C32AB /* CalendarView.swift */; };
		724D09062FEFA8FB002C32AB /* PrayerList.swift in Sources */ = {isa = PBXBuildFile; fileRef = 724D08F92FEFA8FB002C32AB /* PrayerList.swift */; };
		724D09072FEFA8FB002C32AB /* PrayerMapView.swift in Sources */ = {isa = PBXBuildFile; fileRef = 724D08FB2FEFA8FB002C32AB /* PrayerMapView.swift */; };
		724D09082FEFA8FB002C32AB /* AdhanView.swift in Sources */ = {isa = PBXBuildFile; fileRef = 724D08F62FEFA8FB002C32AB /* AdhanView.swift */; };
		724D09092FEFA8FB002C32AB /* PrayerCountdown.swift in Sources */ = {isa = PBXBuildFile; fileRef = 724D08F82FEFA8FB002C32AB /* PrayerCountdown.swift */; };
		724D090A2FEFA8FB002C32AB /* MapView.swift in Sources */ = {isa = PBXBuildFile; fileRef = 724D08FC2FEFA8FB002C32AB /* MapView.swift */; };
		724D090B2FEFA8FB002C32AB /* AdhanStructs.swift in Sources */ = {isa = PBXBuildFile; fileRef = 724D08F52FEFA8FB002C32AB /* AdhanStructs.swift */; };
		724D090C2FEFA8FB002C32AB /* QiblaView.swift in Sources */ = {isa = PBXBuildFile; fileRef = 724D08F72FEFA8FB002C32AB /* QiblaView.swift */; };
		724D090D2FEFA8FB002C32AB /* AdhanShortcuts.swift in Sources */ = {isa = PBXBuildFile; fileRef = 724D08FD2FEFA8FB002C32AB /* AdhanShortcuts.swift */; };
		724D090E2FEFA8FB002C32AB /* CalendarView.swift in Sources */ = {isa = PBXBuildFile; fileRef = 724D08FA2FEFA8FB002C32AB /* CalendarView.swift */; };
		724D090F2FEFA8FB002C32AB /* PrayerList.swift in Sources */ = {isa = PBXBuildFile; fileRef = 724D08F92FEFA8FB002C32AB /* PrayerList.swift */; };
		724D09102FEFA8FB002C32AB /* PrayerMapView.swift in Sources */ = {isa = PBXBuildFile; fileRef = 724D08FB2FEFA8FB002C32AB /* PrayerMapView.swift */; };
		724D091D2FEFA906002C32AB /* IslamView.swift in Sources */ = {isa = PBXBuildFile; fileRef = 724D09112FEFA906002C32AB /* IslamView.swift */; };
		724D091E2FEFA906002C32AB /* NamesView.swift in Sources */ = {isa = PBXBuildFile; fileRef = 724D09172FEFA906002C32AB /* NamesView.swift */; };
		724D091F2FEFA906002C32AB /* ArabicView.swift in Sources */ = {isa = PBXBuildFile; fileRef = 724D09122FEFA906002C32AB /* ArabicView.swift */; };
		724D09202FEFA906002C32AB /* DuaView.swift in Sources */ = {isa = PBXBuildFile; fileRef = 724D09152FEFA906002C32AB /* DuaView.swift */; };
		724D09212FEFA906002C32AB /* TasbihView.swift in Sources */ = {isa = PBXBuildFile; fileRef = 724D09162FEFA906002C32AB /* TasbihView.swift */; };
		724D09222FEFA906002C32AB /* DateView.swift in Sources */ = {isa = PBXBuildFile; fileRef = 724D09182FEFA906002C32AB /* DateView.swift */; };
		724D09232FEFA906002C32AB /* PillarsView.swift in Sources */ = {isa = PBXBuildFile; fileRef = 724D091B2FEFA906002C32AB /* PillarsView.swift */; };
		724D09242FEFA906002C32AB /* TajweedView.swift in Sources */ = {isa = PBXBuildFile; fileRef = 724D09132FEFA906002C32AB /* TajweedView.swift */; };
		724D09252FEFA906002C32AB /* AdhkarView.swift in Sources */ = {isa = PBXBuildFile; fileRef = 724D09142FEFA906002C32AB /* AdhkarView.swift */; };
		724D09262FEFA906002C32AB /* MasjidView.swift in Sources */ = {isa = PBXBuildFile; fileRef = 724D09192FEFA906002C32AB /* MasjidView.swift */; };
		724D09272FEFA906002C32AB /* WallpaperView.swift in Sources */ = {isa = PBXBuildFile; fileRef = 724D091A2FEFA906002C32AB /* WallpaperView.swift */; };
		724D09282FEFA906002C32AB /* IslamView.swift in Sources */ = {isa = PBXBuildFile; fileRef = 724D09112FEFA906002C32AB /* IslamView.swift */; };
		724D09292FEFA906002C32AB /* NamesView.swift in Sources */ = {isa = PBXBuildFile; fileRef = 724D09172FEFA906002C32AB /* NamesView.swift */; };
		724D092A2FEFA906002C32AB /* ArabicView.swift in Sources */ = {isa = PBXBuildFile; fileRef = 724D09122FEFA906002C32AB /* ArabicView.swift */; };
		724D092B2FEFA906002C32AB /* DuaView.swift in Sources */ = {isa = PBXBuildFile; fileRef = 724D09152FEFA906002C32AB /* DuaView.swift */; };
		724D092C2FEFA906002C32AB /* TasbihView.swift in Sources */ = {isa = PBXBuildFile; fileRef = 724D09162FEFA906002C32AB /* TasbihView.swift */; };
		724D092D2FEFA906002C32AB /* DateView.swift in Sources */ = {isa = PBXBuildFile; fileRef = 724D09182FEFA906002C32AB /* DateView.swift */; };
		724D092E2FEFA906002C32AB /* PillarsView.swift in Sources */ = {isa = PBXBuildFile; fileRef = 724D091B2FEFA906002C32AB /* PillarsView.swift */; };
		724D092F2FEFA906002C32AB /* TajweedView.swift in Sources */ = {isa = PBXBuildFile; fileRef = 724D09132FEFA906002C32AB /* TajweedView.swift */; };
		724D09302FEFA906002C32AB /* AdhkarView.swift in Sources */ = {isa = PBXBuildFile; fileRef = 724D09142FEFA906002C32AB /* AdhkarView.swift */; };
		724D09312FEFA906002C32AB /* MasjidView.swift in Sources */ = {isa = PBXBuildFile; fileRef = 724D09192FEFA906002C32AB /* MasjidView.swift */; };
		724D09322FEFA906002C32AB /* WallpaperView.swift in Sources */ = {isa = PBXBuildFile; fileRef = 724D091A2FEFA906002C32AB /* WallpaperView.swift */; };
		724D09332FEFA90C002C32AB /* AdhanStructs.swift in Sources */ = {isa = PBXBuildFile; fileRef = 724D08F52FEFA8FB002C32AB /* AdhanStructs.swift */; };
		724D09342FEFA90C002C32AB /* AdhanStructs.swift in Sources */ = {isa = PBXBuildFile; fileRef = 724D08F52FEFA8FB002C32AB /* AdhanStructs.swift */; };
		724D093A2FEFA921002C32AB /* Highlighted.swift in Sources */ = {isa = PBXBuildFile; fileRef = 724D09372FEFA921002C32AB /* Highlighted.swift */; };
		724D093B2FEFA921002C32AB /* SearchBar.swift in Sources */ = {isa = PBXBuildFile; fileRef = 724D09362FEFA921002C32AB /* SearchBar.swift */; };
		724D093C2FEFA921002C32AB /* GlassEffect.swift in Sources */ = {isa = PBXBuildFile; fileRef = 724D09382FEFA921002C32AB /* GlassEffect.swift */; };
		724D093D2FEFA921002C32AB /* ViewExtensions.swift in Sources */ = {isa = PBXBuildFile; fileRef = 724D09352FEFA921002C32AB /* ViewExtensions.swift */; };
		724D093E2FEFA921002C32AB /* Highlighted.swift in Sources */ = {isa = PBXBuildFile; fileRef = 724D09372FEFA921002C32AB /* Highlighted.swift */; };
		724D093F2FEFA921002C32AB /* SearchBar.swift in Sources */ = {isa = PBXBuildFile; fileRef = 724D09362FEFA921002C32AB /* SearchBar.swift */; };
		724D09402FEFA921002C32AB /* GlassEffect.swift in Sources */ = {isa = PBXBuildFile; fileRef = 724D09382FEFA921002C32AB /* GlassEffect.swift */; };
		724D09412FEFA921002C32AB /* ViewExtensions.swift in Sources */ = {isa = PBXBuildFile; fileRef = 724D09352FEFA921002C32AB /* ViewExtensions.swift */; };
		72537C1E2F04338E00829F59 /* AppReview.swift in Sources */ = {isa = PBXBuildFile; fileRef = 72537C1D2F04338E00829F59 /* AppReview.swift */; };
		72574CD52E49F35600BFF138 /* AppIntents.swift in Sources */ = {isa = PBXBuildFile; fileRef = 72574CD32E49F35600BFF138 /* AppIntents.swift */; };
		72574CD72E49F35600BFF138 /* AppIntents.swift in Sources */ = {isa = PBXBuildFile; fileRef = 72574CD32E49F35600BFF138 /* AppIntents.swift */; };
		726CDCA42FFFADF7004B77C5 /* FocusOverlay.swift in Sources */ = {isa = PBXBuildFile; fileRef = 726CDCA32FFFADF7004B77C5 /* FocusOverlay.swift */; };
		726CDCA52FFFADF7004B77C5 /* FocusOverlay.swift in Sources */ = {isa = PBXBuildFile; fileRef = 726CDCA32FFFADF7004B77C5 /* FocusOverlay.swift */; };
		72716ABD2F946267003F15C1 /* PreviewSupport.swift in Sources */ = {isa = PBXBuildFile; fileRef = 72716AA02F946267003F15C1 /* PreviewSupport.swift */; };
		72716AD42F946267003F15C1 /* PreviewSupport.swift in Sources */ = {isa = PBXBuildFile; fileRef = 72716AA02F946267003F15C1 /* PreviewSupport.swift */; };
		72716B312F946398003F15C1 /* Widgets.swift in Sources */ = {isa = PBXBuildFile; fileRef = 72716AE82F946384003F15C1 /* Widgets.swift */; };
		72728C962B3D18E500FAA3B3 /* Al-AdhanApp.swift in Sources */ = {isa = PBXBuildFile; fileRef = 72728C952B3D18E500FAA3B3 /* Al-AdhanApp.swift */; };
		72728C9A2B3D18E600FAA3B3 /* Assets.xcassets in Resources */ = {isa = PBXBuildFile; fileRef = 72728C992B3D18E600FAA3B3 /* Assets.xcassets */; };
		72728CB12B3D19CF00FAA3B3 /* SplashScreen.swift in Sources */ = {isa = PBXBuildFile; fileRef = 72728CAF2B3D19CF00FAA3B3 /* SplashScreen.swift */; };
		72728CB22B3D19CF00FAA3B3 /* LaunchScreen.swift in Sources */ = {isa = PBXBuildFile; fileRef = 72728CB02B3D19CF00FAA3B3 /* LaunchScreen.swift */; };
		72728CC02B3D1AA000FAA3B3 /* SettingsView.swift in Sources */ = {isa = PBXBuildFile; fileRef = 72728CBF2B3D1AA000FAA3B3 /* SettingsView.swift */; };
		72728CC22B3D1AA300FAA3B3 /* Settings.swift in Sources */ = {isa = PBXBuildFile; fileRef = 72728CC12B3D1AA300FAA3B3 /* Settings.swift */; };
		72728CCA2B3D1FF900FAA3B3 /* Al-AdhanApp.swift in Sources */ = {isa = PBXBuildFile; fileRef = 72728CC92B3D1FF900FAA3B3 /* Al-AdhanApp.swift */; };
		72728CD42B3D1FFA00FAA3B3 /* Al-Adhan.app in Embed Watch Content */ = {isa = PBXBuildFile; fileRef = 72728CC72B3D1FF900FAA3B3 /* Al-Adhan.app */; settings = {ATTRIBUTES = (RemoveHeadersOnCopy, ); }; };
		72728CDE2B3D204200FAA3B3 /* LaunchScreen.swift in Sources */ = {isa = PBXBuildFile; fileRef = 72728CB02B3D19CF00FAA3B3 /* LaunchScreen.swift */; };
		72728CE02B3D204900FAA3B3 /* Assets.xcassets in Resources */ = {isa = PBXBuildFile; fileRef = 72728C992B3D18E600FAA3B3 /* Assets.xcassets */; };
		72728CE82B3D205200FAA3B3 /* Settings.swift in Sources */ = {isa = PBXBuildFile; fileRef = 72728CC12B3D1AA300FAA3B3 /* Settings.swift */; };
		72728CE92B3D205200FAA3B3 /* SettingsView.swift in Sources */ = {isa = PBXBuildFile; fileRef = 72728CBF2B3D1AA000FAA3B3 /* SettingsView.swift */; };
		72728CFF2B3D51B300FAA3B3 /* Widget.appex in Embed Foundation Extensions */ = {isa = PBXBuildFile; fileRef = 72728CF02B3D51B200FAA3B3 /* Widget.appex */; settings = {ATTRIBUTES = (RemoveHeadersOnCopy, ); }; };
		72728D262B3D52BE00FAA3B3 /* Assets.xcassets in Resources */ = {isa = PBXBuildFile; fileRef = 72728C992B3D18E600FAA3B3 /* Assets.xcassets */; };
		72728D282B3D52C400FAA3B3 /* Settings.swift in Sources */ = {isa = PBXBuildFile; fileRef = 72728CC12B3D1AA300FAA3B3 /* Settings.swift */; };
		72728D4A2B3D535600FAA3B3 /* Complication.swift in Sources */ = {isa = PBXBuildFile; fileRef = 72728D492B3D535600FAA3B3 /* Complication.swift */; };
		72728D502B3D535700FAA3B3 /* Complication.appex in Embed Foundation Extensions */ = {isa = PBXBuildFile; fileRef = 72728D452B3D535600FAA3B3 /* Complication.appex */; settings = {ATTRIBUTES = (RemoveHeadersOnCopy, ); }; };
		72728D582B3D538400FAA3B3 /* Settings.swift in Sources */ = {isa = PBXBuildFile; fileRef = 72728CC12B3D1AA300FAA3B3 /* Settings.swift */; };
		72728D5A2B3D538B00FAA3B3 /* Assets.xcassets in Resources */ = {isa = PBXBuildFile; fileRef = 72728C992B3D18E600FAA3B3 /* Assets.xcassets */; };
		72827EAF2E3D70EC00EBA534 /* SettingsAdhanView.swift in Sources */ = {isa = PBXBuildFile; fileRef = 72827EAE2E3D70EC00EBA534 /* SettingsAdhanView.swift */; };
		72827EB02E3D70EC00EBA534 /* SettingsAdhanView.swift in Sources */ = {isa = PBXBuildFile; fileRef = 72827EAE2E3D70EC00EBA534 /* SettingsAdhanView.swift */; };
		728D75FA2F79D9D100502B8A /* AppDelegate.swift in Sources */ = {isa = PBXBuildFile; fileRef = 72CCAE612D42CDAD00871A6A /* AppDelegate.swift */; };
		728D75FB2F79DA3F00502B8A /* AppReview.swift in Sources */ = {isa = PBXBuildFile; fileRef = 72537C1D2F04338E00829F59 /* AppReview.swift */; };
		728D764A2F79DBDA00502B8A /* ArabicLetters.swift in Sources */ = {isa = PBXBuildFile; fileRef = 728D76492F79DBDA00502B8A /* ArabicLetters.swift */; };
		728D764B2F79DBDA00502B8A /* ArabicLetters.swift in Sources */ = {isa = PBXBuildFile; fileRef = 728D76492F79DBDA00502B8A /* ArabicLetters.swift */; };
		728D764C2F79DBDA00502B8A /* ArabicLetters.swift in Sources */ = {isa = PBXBuildFile; fileRef = 728D76492F79DBDA00502B8A /* ArabicLetters.swift */; };
		728D764D2F79DBDA00502B8A /* ArabicLetters.swift in Sources */ = {isa = PBXBuildFile; fileRef = 728D76492F79DBDA00502B8A /* ArabicLetters.swift */; };
		728E2EEB2E6E048300F2C24C /* SettingsAdhan.swift in Sources */ = {isa = PBXBuildFile; fileRef = 728E2EEA2E6E048300F2C24C /* SettingsAdhan.swift */; };
		728E2EEC2E6E048300F2C24C /* SettingsAdhan.swift in Sources */ = {isa = PBXBuildFile; fileRef = 728E2EEA2E6E048300F2C24C /* SettingsAdhan.swift */; };
		728E2EED2E6E048300F2C24C /* SettingsAdhan.swift in Sources */ = {isa = PBXBuildFile; fileRef = 728E2EEA2E6E048300F2C24C /* SettingsAdhan.swift */; };
		728E2EEE2E6E048300F2C24C /* SettingsAdhan.swift in Sources */ = {isa = PBXBuildFile; fileRef = 728E2EEA2E6E048300F2C24C /* SettingsAdhan.swift */; };
		729764BC2FE8DAFB00691EF5 /* WatchConnectivity.swift in Sources */ = {isa = PBXBuildFile; fileRef = 729764BA2FE8DAFB00691EF5 /* WatchConnectivity.swift */; };
		729764BE2FE8DAFB00691EF5 /* WatchConnectivity.swift in Sources */ = {isa = PBXBuildFile; fileRef = 729764BA2FE8DAFB00691EF5 /* WatchConnectivity.swift */; };
		72AF7B2F2FFF19B80036FE8C /* adhan-swift-main in Resources */ = {isa = PBXBuildFile; fileRef = 72AF7B2D2FFF19B80036FE8C /* adhan-swift-main */; };
		72AF7B302FFF19B80036FE8C /* adhan-swift-main in Resources */ = {isa = PBXBuildFile; fileRef = 72AF7B2D2FFF19B80036FE8C /* adhan-swift-main */; };
		72AF7B312FFF19B80036FE8C /* adhan-swift-main in Resources */ = {isa = PBXBuildFile; fileRef = 72AF7B2D2FFF19B80036FE8C /* adhan-swift-main */; };
		72AF7B322FFF19B80036FE8C /* adhan-swift-main in Resources */ = {isa = PBXBuildFile; fileRef = 72AF7B2D2FFF19B80036FE8C /* adhan-swift-main */; };
		72C30E8D2BCC648400F54570 /* Adhan in Frameworks */ = {isa = PBXBuildFile; productRef = 72C30E8C2BCC648400F54570 /* Adhan */; };
		72C30E8F2BCC649400F54570 /* Adhan in Frameworks */ = {isa = PBXBuildFile; productRef = 72C30E8E2BCC649400F54570 /* Adhan */; };
		72C30E912BCC649C00F54570 /* Adhan in Frameworks */ = {isa = PBXBuildFile; productRef = 72C30E902BCC649C00F54570 /* Adhan */; };
		72C30E932BCC64A600F54570 /* Adhan in Frameworks */ = {isa = PBXBuildFile; productRef = 72C30E922BCC64A600F54570 /* Adhan */; };
		72CCAE622D42CDAD00871A6A /* AppDelegate.swift in Sources */ = {isa = PBXBuildFile; fileRef = 72CCAE612D42CDAD00871A6A /* AppDelegate.swift */; };
/* End PBXBuildFile section */

/* Begin PBXContainerItemProxy section */
		72728CD22B3D1FFA00FAA3B3 /* PBXContainerItemProxy */ = {
			isa = PBXContainerItemProxy;
			containerPortal = 72728C8A2B3D18E500FAA3B3 /* Project object */;
			proxyType = 1;
			remoteGlobalIDString = 72728CC62B3D1FF900FAA3B3;
			remoteInfo = "Adhan Watch Watch App";
		};
		72728CFD2B3D51B300FAA3B3 /* PBXContainerItemProxy */ = {
			isa = PBXContainerItemProxy;
			containerPortal = 72728C8A2B3D18E500FAA3B3 /* Project object */;
			proxyType = 1;
			remoteGlobalIDString = 72728CEF2B3D51B200FAA3B3;
			remoteInfo = WidgetExtension;
		};
		72728D4E2B3D535700FAA3B3 /* PBXContainerItemProxy */ = {
			isa = PBXContainerItemProxy;
			containerPortal = 72728C8A2B3D18E500FAA3B3 /* Project object */;
			proxyType = 1;
			remoteGlobalIDString = 72728D442B3D535600FAA3B3;
			remoteInfo = ComplicationExtension;
		};
/* End PBXContainerItemProxy section */

/* Begin PBXCopyFilesBuildPhase section */
		72728CD82B3D1FFA00FAA3B3 /* Embed Watch Content */ = {
			isa = PBXCopyFilesBuildPhase;
			buildActionMask = 2147483647;
			dstPath = "$(CONTENTS_FOLDER_PATH)/Watch";
			dstSubfolderSpec = 16;
			files = (
				72728CD42B3D1FFA00FAA3B3 /* Al-Adhan.app in Embed Watch Content */,
			);
			name = "Embed Watch Content";
			runOnlyForDeploymentPostprocessing = 0;
		};
		72728D032B3D51B300FAA3B3 /* Embed Foundation Extensions */ = {
			isa = PBXCopyFilesBuildPhase;
			buildActionMask = 12;
			dstPath = "";
			dstSubfolderSpec = 13;
			files = (
				72728CFF2B3D51B300FAA3B3 /* Widget.appex in Embed Foundation Extensions */,
			);
			name = "Embed Foundation Extensions";
			runOnlyForDeploymentPostprocessing = 0;
		};
		72728D202B3D526800FAA3B3 /* Embed Foundation Extensions */ = {
			isa = PBXCopyFilesBuildPhase;
			buildActionMask = 12;
			dstPath = "";
			dstSubfolderSpec = 13;
			files = (
				72728D502B3D535700FAA3B3 /* Complication.appex in Embed Foundation Extensions */,
			);
			name = "Embed Foundation Extensions";
			runOnlyForDeploymentPostprocessing = 0;
		};
/* End PBXCopyFilesBuildPhase section */

/* Begin PBXFileReference section */
		720CCE422E3960BB002DD82E /* Globals.swift */ = {isa = PBXFileReference; lastKnownFileType = sourcecode.swift; path = Globals.swift; sourceTree = "<group>"; };
		720DEC642D2456FF006EA342 /* CreditsView.swift */ = {isa = PBXFileReference; lastKnownFileType = sourcecode.swift; path = CreditsView.swift; sourceTree = "<group>"; };
		723CE2FA2FAF098400E83F5A /* NamesOfAllah.json */ = {isa = PBXFileReference; lastKnownFileType = text.json; path = NamesOfAllah.json; sourceTree = "<group>"; };
		723CE2FD2FAF099200E83F5A /* Uthmani.ttf */ = {isa = PBXFileReference; lastKnownFileType = file; path = Uthmani.ttf; sourceTree = "<group>"; };
		724C667F2FF08EEE00C0E1BB /* PrayersProvider.swift */ = {isa = PBXFileReference; lastKnownFileType = sourcecode.swift; path = PrayersProvider.swift; sourceTree = "<group>"; };
		724C66802FF08EEE00C0E1BB /* CountdownSimpleWidget.swift */ = {isa = PBXFileReference; lastKnownFileType = sourcecode.swift; path = CountdownSimpleWidget.swift; sourceTree = "<group>"; };
		724C66812FF08EEE00C0E1BB /* CountdownWidget.swift */ = {isa = PBXFileReference; lastKnownFileType = sourcecode.swift; path = CountdownWidget.swift; sourceTree = "<group>"; };
		724C66822FF08EEE00C0E1BB /* PrayersSplitWidget.swift */ = {isa = PBXFileReference; lastKnownFileType = sourcecode.swift; path = PrayersSplitWidget.swift; sourceTree = "<group>"; };
		724C66832FF08EEE00C0E1BB /* PrayersGridWidget.swift */ = {isa = PBXFileReference; lastKnownFileType = sourcecode.swift; path = PrayersGridWidget.swift; sourceTree = "<group>"; };
		724C66842FF08EEE00C0E1BB /* LockScreenNextWidget.swift */ = {isa = PBXFileReference; lastKnownFileType = sourcecode.swift; path = LockScreenNextWidget.swift; sourceTree = "<group>"; };
		724C66852FF08EEE00C0E1BB /* LockScreenPrayerWidget.swift */ = {isa = PBXFileReference; lastKnownFileType = sourcecode.swift; path = LockScreenPrayerWidget.swift; sourceTree = "<group>"; };
		724C66862FF08EEE00C0E1BB /* LockScreenFirst3Widget.swift */ = {isa = PBXFileReference; lastKnownFileType = sourcecode.swift; path = LockScreenFirst3Widget.swift; sourceTree = "<group>"; };
		724C66872FF08EEE00C0E1BB /* LockScreenLast3Widget.swift */ = {isa = PBXFileReference; lastKnownFileType = sourcecode.swift; path = LockScreenLast3Widget.swift; sourceTree = "<group>"; };
		724D08F52FEFA8FB002C32AB /* AdhanStructs.swift */ = {isa = PBXFileReference; lastKnownFileType = sourcecode.swift; path = AdhanStructs.swift; sourceTree = "<group>"; };
		724D08F62FEFA8FB002C32AB /* AdhanView.swift */ = {isa = PBXFileReference; lastKnownFileType = sourcecode.swift; path = AdhanView.swift; sourceTree = "<group>"; };
		724D08F72FEFA8FB002C32AB /* QiblaView.swift */ = {isa = PBXFileReference; lastKnownFileType = sourcecode.swift; path = QiblaView.swift; sourceTree = "<group>"; };
		724D08F82FEFA8FB002C32AB /* PrayerCountdown.swift */ = {isa = PBXFileReference; lastKnownFileType = sourcecode.swift; path = PrayerCountdown.swift; sourceTree = "<group>"; };
		724D08F92FEFA8FB002C32AB /* PrayerList.swift */ = {isa = PBXFileReference; lastKnownFileType = sourcecode.swift; path = PrayerList.swift; sourceTree = "<group>"; };
		724D08FA2FEFA8FB002C32AB /* CalendarView.swift */ = {isa = PBXFileReference; lastKnownFileType = sourcecode.swift; path = CalendarView.swift; sourceTree = "<group>"; };
		724D08FB2FEFA8FB002C32AB /* PrayerMapView.swift */ = {isa = PBXFileReference; lastKnownFileType = sourcecode.swift; path = PrayerMapView.swift; sourceTree = "<group>"; };
		724D08FC2FEFA8FB002C32AB /* MapView.swift */ = {isa = PBXFileReference; lastKnownFileType = sourcecode.swift; path = MapView.swift; sourceTree = "<group>"; };
		724D08FD2FEFA8FB002C32AB /* AdhanShortcuts.swift */ = {isa = PBXFileReference; lastKnownFileType = sourcecode.swift; path = AdhanShortcuts.swift; sourceTree = "<group>"; };
		724D09112FEFA906002C32AB /* IslamView.swift */ = {isa = PBXFileReference; lastKnownFileType = sourcecode.swift; path = IslamView.swift; sourceTree = "<group>"; };
		724D09122FEFA906002C32AB /* ArabicView.swift */ = {isa = PBXFileReference; lastKnownFileType = sourcecode.swift; path = ArabicView.swift; sourceTree = "<group>"; };
		724D09132FEFA906002C32AB /* TajweedView.swift */ = {isa = PBXFileReference; lastKnownFileType = sourcecode.swift; path = TajweedView.swift; sourceTree = "<group>"; };
		724D09142FEFA906002C32AB /* AdhkarView.swift */ = {isa = PBXFileReference; lastKnownFileType = sourcecode.swift; path = AdhkarView.swift; sourceTree = "<group>"; };
		724D09152FEFA906002C32AB /* DuaView.swift */ = {isa = PBXFileReference; lastKnownFileType = sourcecode.swift; path = DuaView.swift; sourceTree = "<group>"; };
		724D09162FEFA906002C32AB /* TasbihView.swift */ = {isa = PBXFileReference; lastKnownFileType = sourcecode.swift; path = TasbihView.swift; sourceTree = "<group>"; };
		724D09172FEFA906002C32AB /* NamesView.swift */ = {isa = PBXFileReference; lastKnownFileType = sourcecode.swift; path = NamesView.swift; sourceTree = "<group>"; };
		724D09182FEFA906002C32AB /* DateView.swift */ = {isa = PBXFileReference; lastKnownFileType = sourcecode.swift; path = DateView.swift; sourceTree = "<group>"; };
		724D09192FEFA906002C32AB /* MasjidView.swift */ = {isa = PBXFileReference; lastKnownFileType = sourcecode.swift; path = MasjidView.swift; sourceTree = "<group>"; };
		724D091A2FEFA906002C32AB /* WallpaperView.swift */ = {isa = PBXFileReference; lastKnownFileType = sourcecode.swift; path = WallpaperView.swift; sourceTree = "<group>"; };
		724D091B2FEFA906002C32AB /* PillarsView.swift */ = {isa = PBXFileReference; lastKnownFileType = sourcecode.swift; path = PillarsView.swift; sourceTree = "<group>"; };
		724D09352FEFA921002C32AB /* ViewExtensions.swift */ = {isa = PBXFileReference; lastKnownFileType = sourcecode.swift; path = ViewExtensions.swift; sourceTree = "<group>"; };
		724D09362FEFA921002C32AB /* SearchBar.swift */ = {isa = PBXFileReference; lastKnownFileType = sourcecode.swift; path = SearchBar.swift; sourceTree = "<group>"; };
		724D09372FEFA921002C32AB /* Highlighted.swift */ = {isa = PBXFileReference; lastKnownFileType = sourcecode.swift; path = Highlighted.swift; sourceTree = "<group>"; };
		724D09382FEFA921002C32AB /* GlassEffect.swift */ = {isa = PBXFileReference; lastKnownFileType = sourcecode.swift; path = GlassEffect.swift; sourceTree = "<group>"; };
		72537C1D2F04338E00829F59 /* AppReview.swift */ = {isa = PBXFileReference; lastKnownFileType = sourcecode.swift; path = AppReview.swift; sourceTree = "<group>"; };
		72574CD32E49F35600BFF138 /* AppIntents.swift */ = {isa = PBXFileReference; lastKnownFileType = sourcecode.swift; path = AppIntents.swift; sourceTree = "<group>"; };
		72616D7F2D52F70D00A66C86 /* Info-Widget.plist */ = {isa = PBXFileReference; lastKnownFileType = text.plist.xml; path = "Info-Widget.plist"; sourceTree = "<group>"; };
		726CDC8C2FFFAC01004B77C5 /* abdulbaset-30.caf */ = {isa = PBXFileReference; lastKnownFileType = file; path = "abdulbaset-30.caf"; sourceTree = "<group>"; };
		726CDC8D2FFFAC01004B77C5 /* abdulghaffar-30.caf */ = {isa = PBXFileReference; lastKnownFileType = file; path = "abdulghaffar-30.caf"; sourceTree = "<group>"; };
		726CDC8E2FFFAC01004B77C5 /* al-qatami-30.caf */ = {isa = PBXFileReference; lastKnownFileType = file; path = "al-qatami-30.caf"; sourceTree = "<group>"; };
		726CDC8F2FFFAC01004B77C5 /* alaqsa-2-30.caf */ = {isa = PBXFileReference; lastKnownFileType = file; path = "alaqsa-2-30.caf"; sourceTree = "<group>"; };
		726CDC902FFFAC01004B77C5 /* alaqsa-30.caf */ = {isa = PBXFileReference; lastKnownFileType = file; path = "alaqsa-30.caf"; sourceTree = "<group>"; };
		726CDC912FFFAC01004B77C5 /* madina-30.caf */ = {isa = PBXFileReference; lastKnownFileType = file; path = "madina-30.caf"; sourceTree = "<group>"; };
		726CDC922FFFAC01004B77C5 /* makkah-30.caf */ = {isa = PBXFileReference; lastKnownFileType = file; path = "makkah-30.caf"; sourceTree = "<group>"; };
		726CDC932FFFAC01004B77C5 /* zakariya-30.caf */ = {isa = PBXFileReference; lastKnownFileType = file; path = "zakariya-30.caf"; sourceTree = "<group>"; };
		726CDC942FFFAC01004B77C5 /* egypt-30.caf */ = {isa = PBXFileReference; lastKnownFileType = file; path = "egypt-30.caf"; sourceTree = "<group>"; };
		726CDC952FFFAC01004B77C5 /* abdulbaset.caf */ = {isa = PBXFileReference; lastKnownFileType = file; path = abdulbaset.caf; sourceTree = "<group>"; };
		726CDC962FFFAC01004B77C5 /* abdulghaffar.caf */ = {isa = PBXFileReference; lastKnownFileType = file; path = abdulghaffar.caf; sourceTree = "<group>"; };
		726CDC972FFFAC01004B77C5 /* al-qatami.caf */ = {isa = PBXFileReference; lastKnownFileType = file; path = "al-qatami.caf"; sourceTree = "<group>"; };
		726CDC982FFFAC01004B77C5 /* alaqsa-2.caf */ = {isa = PBXFileReference; lastKnownFileType = file; path = "alaqsa-2.caf"; sourceTree = "<group>"; };
		726CDC992FFFAC01004B77C5 /* alaqsa.caf */ = {isa = PBXFileReference; lastKnownFileType = file; path = alaqsa.caf; sourceTree = "<group>"; };
		726CDC9A2FFFAC01004B77C5 /* egypt.caf */ = {isa = PBXFileReference; lastKnownFileType = file; path = egypt.caf; sourceTree = "<group>"; };
		726CDC9B2FFFAC01004B77C5 /* madina.caf */ = {isa = PBXFileReference; lastKnownFileType = file; path = madina.caf; sourceTree = "<group>"; };
		726CDC9C2FFFAC01004B77C5 /* makkah.caf */ = {isa = PBXFileReference; lastKnownFileType = file; path = makkah.caf; sourceTree = "<group>"; };
		726CDC9D2FFFAC01004B77C5 /* minshawi-1.caf */ = {isa = PBXFileReference; lastKnownFileType = file; path = "minshawi-1.caf"; sourceTree = "<group>"; };
		726CDC9E2FFFAC01004B77C5 /* minshawi-2.caf */ = {isa = PBXFileReference; lastKnownFileType = file; path = "minshawi-2.caf"; sourceTree = "<group>"; };
		726CDC9F2FFFAC01004B77C5 /* zakariya.caf */ = {isa = PBXFileReference; lastKnownFileType = file; path = zakariya.caf; sourceTree = "<group>"; };
		726CDCA02FFFAC01004B77C5 /* minshawi-1-30.caf */ = {isa = PBXFileReference; lastKnownFileType = file; path = "minshawi-1-30.caf"; sourceTree = "<group>"; };
		726CDCA12FFFAC01004B77C5 /* minshawi-2-30.caf */ = {isa = PBXFileReference; lastKnownFileType = file; path = "minshawi-2-30.caf"; sourceTree = "<group>"; };
		726CDCA32FFFADF7004B77C5 /* FocusOverlay.swift */ = {isa = PBXFileReference; lastKnownFileType = sourcecode.swift; path = FocusOverlay.swift; sourceTree = "<group>"; };
		72716AA02F946267003F15C1 /* PreviewSupport.swift */ = {isa = PBXFileReference; lastKnownFileType = sourcecode.swift; path = PreviewSupport.swift; sourceTree = "<group>"; };
		72716AE82F946384003F15C1 /* Widgets.swift */ = {isa = PBXFileReference; lastKnownFileType = sourcecode.swift; path = Widgets.swift; sourceTree = "<group>"; };
		72728C922B3D18E500FAA3B3 /* iPhone.app */ = {isa = PBXFileReference; explicitFileType = wrapper.application; includeInIndex = 0; path = iPhone.app; sourceTree = BUILT_PRODUCTS_DIR; };
		72728C952B3D18E500FAA3B3 /* Al-AdhanApp.swift */ = {isa = PBXFileReference; lastKnownFileType = sourcecode.swift; path = "Al-AdhanApp.swift"; sourceTree = "<group>"; };
		72728C992B3D18E600FAA3B3 /* Assets.xcassets */ = {isa = PBXFileReference; lastKnownFileType = folder.assetcatalog; path = Assets.xcassets; sourceTree = "<group>"; };
		72728CAF2B3D19CF00FAA3B3 /* SplashScreen.swift */ = {isa = PBXFileReference; fileEncoding = 4; lastKnownFileType = sourcecode.swift; path = SplashScreen.swift; sourceTree = "<group>"; };
		72728CB02B3D19CF00FAA3B3 /* LaunchScreen.swift */ = {isa = PBXFileReference; fileEncoding = 4; lastKnownFileType = sourcecode.swift; path = LaunchScreen.swift; sourceTree = "<group>"; };
		72728CB52B3D1A0E00FAA3B3 /* Entitlements-Main.entitlements */ = {isa = PBXFileReference; lastKnownFileType = text.plist.entitlements; path = "Entitlements-Main.entitlements"; sourceTree = "<group>"; };
		72728CBF2B3D1AA000FAA3B3 /* SettingsView.swift */ = {isa = PBXFileReference; lastKnownFileType = sourcecode.swift; path = SettingsView.swift; sourceTree = "<group>"; };
		72728CC12B3D1AA300FAA3B3 /* Settings.swift */ = {isa = PBXFileReference; lastKnownFileType = sourcecode.swift; path = Settings.swift; sourceTree = "<group>"; };
		72728CC72B3D1FF900FAA3B3 /* Al-Adhan.app */ = {isa = PBXFileReference; explicitFileType = wrapper.application; includeInIndex = 0; path = "Al-Adhan.app"; sourceTree = BUILT_PRODUCTS_DIR; };
		72728CC92B3D1FF900FAA3B3 /* Al-AdhanApp.swift */ = {isa = PBXFileReference; lastKnownFileType = sourcecode.swift; path = "Al-AdhanApp.swift"; sourceTree = "<group>"; };
		72728CF02B3D51B200FAA3B3 /* Widget.appex */ = {isa = PBXFileReference; explicitFileType = "wrapper.app-extension"; includeInIndex = 0; path = Widget.appex; sourceTree = BUILT_PRODUCTS_DIR; };
		72728D452B3D535600FAA3B3 /* Complication.appex */ = {isa = PBXFileReference; explicitFileType = "wrapper.app-extension"; includeInIndex = 0; path = Complication.appex; sourceTree = BUILT_PRODUCTS_DIR; };
		72728D492B3D535600FAA3B3 /* Complication.swift */ = {isa = PBXFileReference; lastKnownFileType = sourcecode.swift; path = Complication.swift; sourceTree = "<group>"; };
		727479FE2F84D94400D8B067 /* Entitlements-Widget.entitlements */ = {isa = PBXFileReference; lastKnownFileType = text.plist.entitlements; path = "Entitlements-Widget.entitlements"; sourceTree = "<group>"; };
		72827EAE2E3D70EC00EBA534 /* SettingsAdhanView.swift */ = {isa = PBXFileReference; lastKnownFileType = sourcecode.swift; path = SettingsAdhanView.swift; sourceTree = "<group>"; };
		728D76492F79DBDA00502B8A /* ArabicLetters.swift */ = {isa = PBXFileReference; lastKnownFileType = sourcecode.swift; path = ArabicLetters.swift; sourceTree = "<group>"; };
		728E2EEA2E6E048300F2C24C /* SettingsAdhan.swift */ = {isa = PBXFileReference; lastKnownFileType = sourcecode.swift; path = SettingsAdhan.swift; sourceTree = "<group>"; };
		729764BA2FE8DAFB00691EF5 /* WatchConnectivity.swift */ = {isa = PBXFileReference; lastKnownFileType = sourcecode.swift; path = WatchConnectivity.swift; sourceTree = "<group>"; };
		72AF7B2D2FFF19B80036FE8C /* adhan-swift-main */ = {isa = PBXFileReference; lastKnownFileType = wrapper; path = "adhan-swift-main"; sourceTree = "<group>"; };
		72BC6B2F2E2D787D00ACD832 /* Logo.jpg */ = {isa = PBXFileReference; lastKnownFileType = image.jpeg; path = Logo.jpg; sourceTree = "<group>"; };
		72C882842FEF37E3008FE6C8 /* CREDITS.md */ = {isa = PBXFileReference; lastKnownFileType = net.daringfireball.markdown; path = CREDITS.md; sourceTree = "<group>"; };
		72CCAE612D42CDAD00871A6A /* AppDelegate.swift */ = {isa = PBXFileReference; lastKnownFileType = sourcecode.swift; path = AppDelegate.swift; sourceTree = "<group>"; };
		72CCAE892D42D55B00871A6A /* Info-Main.plist */ = {isa = PBXFileReference; lastKnownFileType = text.plist.xml; path = "Info-Main.plist"; sourceTree = "<group>"; };
		72CCAE8E2D42D86A00871A6A /* README.md */ = {isa = PBXFileReference; lastKnownFileType = net.daringfireball.markdown; path = README.md; sourceTree = "<group>"; };
/* End PBXFileReference section */

/* Begin PBXFrameworksBuildPhase section */
		72728C8F2B3D18E500FAA3B3 /* Frameworks */ = {
			isa = PBXFrameworksBuildPhase;
			buildActionMask = 2147483647;
			files = (
				72C30E8D2BCC648400F54570 /* Adhan in Frameworks */,
			);
			runOnlyForDeploymentPostprocessing = 0;
		};
		72728CC42B3D1FF900FAA3B3 /* Frameworks */ = {
			isa = PBXFrameworksBuildPhase;
			buildActionMask = 2147483647;
			files = (
				72C30E912BCC649C00F54570 /* Adhan in Frameworks */,
			);
			runOnlyForDeploymentPostprocessing = 0;
		};
		72728CED2B3D51B200FAA3B3 /* Frameworks */ = {
			isa = PBXFrameworksBuildPhase;
			buildActionMask = 2147483647;
			files = (
				72C30E8F2BCC649400F54570 /* Adhan in Frameworks */,
			);
			runOnlyForDeploymentPostprocessing = 0;
		};
		72728D422B3D535600FAA3B3 /* Frameworks */ = {
			isa = PBXFrameworksBuildPhase;
			buildActionMask = 2147483647;
			files = (
				72C30E932BCC64A600F54570 /* Adhan in Frameworks */,
			);
			runOnlyForDeploymentPostprocessing = 0;
		};
/* End PBXFrameworksBuildPhase section */

/* Begin PBXGroup section */
		724C66882FF08EEE00C0E1BB /* Adhan */ = {
			isa = PBXGroup;
			children = (
				724C667F2FF08EEE00C0E1BB /* PrayersProvider.swift */,
				724C66802FF08EEE00C0E1BB /* CountdownSimpleWidget.swift */,
				724C66812FF08EEE00C0E1BB /* CountdownWidget.swift */,
				724C66822FF08EEE00C0E1BB /* PrayersSplitWidget.swift */,
				724C66832FF08EEE00C0E1BB /* PrayersGridWidget.swift */,
				724C66842FF08EEE00C0E1BB /* LockScreenNextWidget.swift */,
				724C66852FF08EEE00C0E1BB /* LockScreenPrayerWidget.swift */,
				724C66862FF08EEE00C0E1BB /* LockScreenFirst3Widget.swift */,
				724C66872FF08EEE00C0E1BB /* LockScreenLast3Widget.swift */,
			);
			path = Adhan;
			sourceTree = "<group>";
		};
		724D08FE2FEFA8FB002C32AB /* Adhan */ = {
			isa = PBXGroup;
			children = (
				724D08F52FEFA8FB002C32AB /* AdhanStructs.swift */,
				724D08F62FEFA8FB002C32AB /* AdhanView.swift */,
				724D08F72FEFA8FB002C32AB /* QiblaView.swift */,
				724D08F82FEFA8FB002C32AB /* PrayerCountdown.swift */,
				724D08F92FEFA8FB002C32AB /* PrayerList.swift */,
				724D08FA2FEFA8FB002C32AB /* CalendarView.swift */,
				724D08FB2FEFA8FB002C32AB /* PrayerMapView.swift */,
				724D08FC2FEFA8FB002C32AB /* MapView.swift */,
				724D08FD2FEFA8FB002C32AB /* AdhanShortcuts.swift */,
			);
			path = Adhan;
			sourceTree = "<group>";
		};
		724D091C2FEFA906002C32AB /* Islam */ = {
			isa = PBXGroup;
			children = (
				724D09112FEFA906002C32AB /* IslamView.swift */,
				724D09122FEFA906002C32AB /* ArabicView.swift */,
				724D09132FEFA906002C32AB /* TajweedView.swift */,
				724D09142FEFA906002C32AB /* AdhkarView.swift */,
				724D09152FEFA906002C32AB /* DuaView.swift */,
				724D09162FEFA906002C32AB /* TasbihView.swift */,
				724D09172FEFA906002C32AB /* NamesView.swift */,
				724D09182FEFA906002C32AB /* DateView.swift */,
				724D09192FEFA906002C32AB /* MasjidView.swift */,
				724D091A2FEFA906002C32AB /* WallpaperView.swift */,
				724D091B2FEFA906002C32AB /* PillarsView.swift */,
			);
			path = Islam;
			sourceTree = "<group>";
		};
		724D09392FEFA921002C32AB /* Helpers */ = {
			isa = PBXGroup;
			children = (
				724D09352FEFA921002C32AB /* ViewExtensions.swift */,
				724D09362FEFA921002C32AB /* SearchBar.swift */,
				724D09382FEFA921002C32AB /* GlassEffect.swift */,
				724D09372FEFA921002C32AB /* Highlighted.swift */,
				726CDCA32FFFADF7004B77C5 /* FocusOverlay.swift */,
			);
			path = Helpers;
			sourceTree = "<group>";
		};
		726CDCA22FFFAC01004B77C5 /* Adhan Sounds */ = {
			isa = PBXGroup;
			children = (
				726CDC8C2FFFAC01004B77C5 /* abdulbaset-30.caf */,
				726CDC8D2FFFAC01004B77C5 /* abdulghaffar-30.caf */,
				726CDC8E2FFFAC01004B77C5 /* al-qatami-30.caf */,
				726CDC8F2FFFAC01004B77C5 /* alaqsa-2-30.caf */,
				726CDC902FFFAC01004B77C5 /* alaqsa-30.caf */,
				726CDC912FFFAC01004B77C5 /* madina-30.caf */,
				726CDC922FFFAC01004B77C5 /* makkah-30.caf */,
				726CDC932FFFAC01004B77C5 /* zakariya-30.caf */,
				726CDC942FFFAC01004B77C5 /* egypt-30.caf */,
				726CDC952FFFAC01004B77C5 /* abdulbaset.caf */,
				726CDC962FFFAC01004B77C5 /* abdulghaffar.caf */,
				726CDC972FFFAC01004B77C5 /* al-qatami.caf */,
				726CDC982FFFAC01004B77C5 /* alaqsa-2.caf */,
				726CDC992FFFAC01004B77C5 /* alaqsa.caf */,
				726CDC9A2FFFAC01004B77C5 /* egypt.caf */,
				726CDC9B2FFFAC01004B77C5 /* madina.caf */,
				726CDC9C2FFFAC01004B77C5 /* makkah.caf */,
				726CDC9D2FFFAC01004B77C5 /* minshawi-1.caf */,
				726CDC9E2FFFAC01004B77C5 /* minshawi-2.caf */,
				726CDC9F2FFFAC01004B77C5 /* zakariya.caf */,
				726CDCA02FFFAC01004B77C5 /* minshawi-1-30.caf */,
				726CDCA12FFFAC01004B77C5 /* minshawi-2-30.caf */,
			);
			path = "Adhan Sounds";
			sourceTree = "<group>";
		};
		72716AF82F946384003F15C1 /* Widget */ = {
			isa = PBXGroup;
			children = (
				72716AE82F946384003F15C1 /* Widgets.swift */,
				724C66882FF08EEE00C0E1BB /* Adhan */,
			);
			path = Widget;
			sourceTree = "<group>";
		};
		72728C892B3D18E500FAA3B3 = {
			isa = PBXGroup;
			children = (
				72CCAE8E2D42D86A00871A6A /* README.md */,
				72C882842FEF37E3008FE6C8 /* CREDITS.md */,
				72BC6B2F2E2D787D00ACD832 /* Logo.jpg */,
				72F1EA3F2D421CAF008F6FBE /* Resources */,
				72728C942B3D18E500FAA3B3 /* iPhone */,
				72728CC82B3D1FF900FAA3B3 /* Apple Watch */,
				72716AF82F946384003F15C1 /* Widget */,
				72728D482B3D535600FAA3B3 /* Complication */,
				7287E1262FF1E22500AFE058 /* Frameworks */,
				72728C932B3D18E500FAA3B3 /* Products */,
			);
			sourceTree = "<group>";
		};
		72728C932B3D18E500FAA3B3 /* Products */ = {
			isa = PBXGroup;
			children = (
				72728C922B3D18E500FAA3B3 /* iPhone.app */,
				72728CC72B3D1FF900FAA3B3 /* Al-Adhan.app */,
				72728CF02B3D51B200FAA3B3 /* Widget.appex */,
				72728D452B3D535600FAA3B3 /* Complication.appex */,
			);
			name = Products;
			sourceTree = "<group>";
		};
		72728C942B3D18E500FAA3B3 /* iPhone */ = {
			isa = PBXGroup;
			children = (
				72728C952B3D18E500FAA3B3 /* Al-AdhanApp.swift */,
				72CCAE612D42CDAD00871A6A /* AppDelegate.swift */,
				72537C1D2F04338E00829F59 /* AppReview.swift */,
				72728CAF2B3D19CF00FAA3B3 /* SplashScreen.swift */,
				72728CB02B3D19CF00FAA3B3 /* LaunchScreen.swift */,
				724D08FE2FEFA8FB002C32AB /* Adhan */,
				724D091C2FEFA906002C32AB /* Islam */,
				72728CBE2B3D1A9600FAA3B3 /* Settings */,
				724D09392FEFA921002C32AB /* Helpers */,
			);
			path = iPhone;
			sourceTree = "<group>";
		};
		72728CBE2B3D1A9600FAA3B3 /* Settings */ = {
			isa = PBXGroup;
			children = (
				72728CBF2B3D1AA000FAA3B3 /* SettingsView.swift */,
				72827EAE2E3D70EC00EBA534 /* SettingsAdhanView.swift */,
				720DEC642D2456FF006EA342 /* CreditsView.swift */,
				72728CC12B3D1AA300FAA3B3 /* Settings.swift */,
				728E2EEA2E6E048300F2C24C /* SettingsAdhan.swift */,
				720CCE422E3960BB002DD82E /* Globals.swift */,
				728D76492F79DBDA00502B8A /* ArabicLetters.swift */,
				72574CD32E49F35600BFF138 /* AppIntents.swift */,
				729764BA2FE8DAFB00691EF5 /* WatchConnectivity.swift */,
				72716AA02F946267003F15C1 /* PreviewSupport.swift */,
			);
			path = Settings;
			sourceTree = "<group>";
		};
		72728CC82B3D1FF900FAA3B3 /* Apple Watch */ = {
			isa = PBXGroup;
			children = (
				72728CC92B3D1FF900FAA3B3 /* Al-AdhanApp.swift */,
			);
			path = "Apple Watch";
			sourceTree = "<group>";
		};
		72728D482B3D535600FAA3B3 /* Complication */ = {
			isa = PBXGroup;
			children = (
				72728D492B3D535600FAA3B3 /* Complication.swift */,
			);
			path = Complication;
			sourceTree = "<group>";
		};
		7287E1262FF1E22500AFE058 /* Frameworks */ = {
			isa = PBXGroup;
			children = (
			);
			name = Frameworks;
			sourceTree = "<group>";
		};
		72AF7B2E2FFF19B80036FE8C /* Packages */ = {
			isa = PBXGroup;
			children = (
				72AF7B2D2FFF19B80036FE8C /* adhan-swift-main */,
			);
			path = Packages;
			sourceTree = "<group>";
		};
		72CCAE5E2D42213700871A6A /* JSONs */ = {
			isa = PBXGroup;
			children = (
				723CE2FA2FAF098400E83F5A /* NamesOfAllah.json */,
			);
			path = JSONs;
			sourceTree = "<group>";
		};
		72F1EA3F2D421CAF008F6FBE /* Resources */ = {
			isa = PBXGroup;
			children = (
				72728CB52B3D1A0E00FAA3B3 /* Entitlements-Main.entitlements */,
				727479FE2F84D94400D8B067 /* Entitlements-Widget.entitlements */,
				72CCAE892D42D55B00871A6A /* Info-Main.plist */,
				72616D7F2D52F70D00A66C86 /* Info-Widget.plist */,
				72728C992B3D18E600FAA3B3 /* Assets.xcassets */,
				726CDCA22FFFAC01004B77C5 /* Adhan Sounds */,
				72F1EA402D421CC7008F6FBE /* Fonts */,
				72CCAE5E2D42213700871A6A /* JSONs */,
				72AF7B2E2FFF19B80036FE8C /* Packages */,
			);
			path = Resources;
			sourceTree = "<group>";
		};
		72F1EA402D421CC7008F6FBE /* Fonts */ = {
			isa = PBXGroup;
			children = (
				723CE2FD2FAF099200E83F5A /* Uthmani.ttf */,
			);
			path = Fonts;
			sourceTree = "<group>";
		};
/* End PBXGroup section */

/* Begin PBXNativeTarget section */
		72728C912B3D18E500FAA3B3 /* iPhone */ = {
			isa = PBXNativeTarget;
			buildConfigurationList = 72728CA02B3D18E600FAA3B3 /* Build configuration list for PBXNativeTarget "iPhone" */;
			buildPhases = (
				72728C8E2B3D18E500FAA3B3 /* Sources */,
				72728C8F2B3D18E500FAA3B3 /* Frameworks */,
				72728C902B3D18E500FAA3B3 /* Resources */,
				72728CD82B3D1FFA00FAA3B3 /* Embed Watch Content */,
				72728D032B3D51B300FAA3B3 /* Embed Foundation Extensions */,
			);
			buildRules = (
			);
			dependencies = (
				72728CD32B3D1FFA00FAA3B3 /* PBXTargetDependency */,
				72728CFE2B3D51B300FAA3B3 /* PBXTargetDependency */,
			);
			name = iPhone;
			packageProductDependencies = (
				72C30E8C2BCC648400F54570 /* Adhan */,
			);
			productName = "Prayer Times";
			productReference = 72728C922B3D18E500FAA3B3 /* iPhone.app */;
			productType = "com.apple.product-type.application";
		};
		72728CC62B3D1FF900FAA3B3 /* Watch */ = {
			isa = PBXNativeTarget;
			buildConfigurationList = 72728CD52B3D1FFA00FAA3B3 /* Build configuration list for PBXNativeTarget "Watch" */;
			buildPhases = (
				72728CC32B3D1FF900FAA3B3 /* Sources */,
				72728CC42B3D1FF900FAA3B3 /* Frameworks */,
				72728CC52B3D1FF900FAA3B3 /* Resources */,
				72728D202B3D526800FAA3B3 /* Embed Foundation Extensions */,
			);
			buildRules = (
			);
			dependencies = (
				72728D4F2B3D535700FAA3B3 /* PBXTargetDependency */,
			);
			name = Watch;
			packageProductDependencies = (
				72C30E902BCC649C00F54570 /* Adhan */,
			);
			productName = "Adhan Watch Watch App";
			productReference = 72728CC72B3D1FF900FAA3B3 /* Al-Adhan.app */;
			productType = "com.apple.product-type.application";
		};
		72728CEF2B3D51B200FAA3B3 /* Widget */ = {
			isa = PBXNativeTarget;
			buildConfigurationList = 72728D002B3D51B300FAA3B3 /* Build configuration list for PBXNativeTarget "Widget" */;
			buildPhases = (
				72728CEC2B3D51B200FAA3B3 /* Sources */,
				72728CED2B3D51B200FAA3B3 /* Frameworks */,
				72728CEE2B3D51B200FAA3B3 /* Resources */,
			);
			buildRules = (
			);
			dependencies = (
			);
			name = Widget;
			packageProductDependencies = (
				72C30E8E2BCC649400F54570 /* Adhan */,
			);
			productName = WidgetExtension;
			productReference = 72728CF02B3D51B200FAA3B3 /* Widget.appex */;
			productType = "com.apple.product-type.app-extension";
		};
		72728D442B3D535600FAA3B3 /* Complication */ = {
			isa = PBXNativeTarget;
			buildConfigurationList = 72728D512B3D535700FAA3B3 /* Build configuration list for PBXNativeTarget "Complication" */;
			buildPhases = (
				72728D412B3D535600FAA3B3 /* Sources */,
				72728D422B3D535600FAA3B3 /* Frameworks */,
				72728D432B3D535600FAA3B3 /* Resources */,
			);
			buildRules = (
			);
			dependencies = (
			);
			name = Complication;
			packageProductDependencies = (
				72C30E922BCC64A600F54570 /* Adhan */,
			);
			productName = ComplicationExtension;
			productReference = 72728D452B3D535600FAA3B3 /* Complication.appex */;
			productType = "com.apple.product-type.app-extension";
		};
/* End PBXNativeTarget section */

/* Begin PBXProject section */
		72728C8A2B3D18E500FAA3B3 /* Project object */ = {
			isa = PBXProject;
			attributes = {
				BuildIndependentTargetsInParallel = 1;
				LastSwiftUpdateCheck = 1510;
				LastUpgradeCheck = 2600;
				TargetAttributes = {
					72728C912B3D18E500FAA3B3 = {
						CreatedOnToolsVersion = 15.1;
					};
					72728CC62B3D1FF900FAA3B3 = {
						CreatedOnToolsVersion = 15.1;
					};
					72728CEF2B3D51B200FAA3B3 = {
						CreatedOnToolsVersion = 15.1;
					};
					72728D442B3D535600FAA3B3 = {
						CreatedOnToolsVersion = 15.1;
					};
				};
			};
			buildConfigurationList = 72728C8D2B3D18E500FAA3B3 /* Build configuration list for PBXProject "Al-Adhan" */;
			developmentRegion = en;
			hasScannedForEncodings = 0;
			knownRegions = (
				en,
				Base,
			);
			mainGroup = 72728C892B3D18E500FAA3B3;
			packageReferences = (
				72728CA52B3D196B00FAA3B3 /* XCLocalSwiftPackageReference "adhan-swift-main" */,
			);
			preferredProjectObjectVersion = 77;
			productRefGroup = 72728C932B3D18E500FAA3B3 /* Products */;
			projectDirPath = "";
			projectRoot = "";
			targets = (
				72728C912B3D18E500FAA3B3 /* iPhone */,
				72728CC62B3D1FF900FAA3B3 /* Watch */,
				72728CEF2B3D51B200FAA3B3 /* Widget */,
				72728D442B3D535600FAA3B3 /* Complication */,
			);
		};
/* End PBXProject section */

/* Begin PBXResourcesBuildPhase section */
		72728C902B3D18E500FAA3B3 /* Resources */ = {
			isa = PBXResourcesBuildPhase;
			buildActionMask = 2147483647;
			files = (
				72AF7B312FFF19B80036FE8C /* adhan-swift-main in Resources */,
				723CE2FB2FAF098400E83F5A /* NamesOfAllah.json in Resources */,
				723CE3012FAF099200E83F5A /* Uthmani.ttf in Resources */,
				72728C9A2B3D18E600FAA3B3 /* Assets.xcassets in Resources */,
			);
			runOnlyForDeploymentPostprocessing = 0;
		};
		72728CC52B3D1FF900FAA3B3 /* Resources */ = {
			isa = PBXResourcesBuildPhase;
			buildActionMask = 2147483647;
			files = (
				72AF7B322FFF19B80036FE8C /* adhan-swift-main in Resources */,
				723CE2FC2FAF098400E83F5A /* NamesOfAllah.json in Resources */,
				723CE2FE2FAF099200E83F5A /* Uthmani.ttf in Resources */,
				72728CE02B3D204900FAA3B3 /* Assets.xcassets in Resources */,
			);
			runOnlyForDeploymentPostprocessing = 0;
		};
		72728CEE2B3D51B200FAA3B3 /* Resources */ = {
			isa = PBXResourcesBuildPhase;
			buildActionMask = 2147483647;
			files = (
				72AF7B2F2FFF19B80036FE8C /* adhan-swift-main in Resources */,
				723CE3002FAF099200E83F5A /* Uthmani.ttf in Resources */,
				72728D262B3D52BE00FAA3B3 /* Assets.xcassets in Resources */,
			);
			runOnlyForDeploymentPostprocessing = 0;
		};
		72728D432B3D535600FAA3B3 /* Resources */ = {
			isa = PBXResourcesBuildPhase;
			buildActionMask = 2147483647;
			files = (
				72AF7B302FFF19B80036FE8C /* adhan-swift-main in Resources */,
				723CE2FF2FAF099200E83F5A /* Uthmani.ttf in Resources */,
				72728D5A2B3D538B00FAA3B3 /* Assets.xcassets in Resources */,
			);
			runOnlyForDeploymentPostprocessing = 0;
		};
/* End PBXResourcesBuildPhase section */

/* Begin PBXSourcesBuildPhase section */
		72728C8E2B3D18E500FAA3B3 /* Sources */ = {
			isa = PBXSourcesBuildPhase;
			buildActionMask = 2147483647;
			files = (
				72728CB12B3D19CF00FAA3B3 /* SplashScreen.swift in Sources */,
				728E2EEB2E6E048300F2C24C /* SettingsAdhan.swift in Sources */,
				728D764A2F79DBDA00502B8A /* ArabicLetters.swift in Sources */,
				729764BC2FE8DAFB00691EF5 /* WatchConnectivity.swift in Sources */,
				72CCAE622D42CDAD00871A6A /* AppDelegate.swift in Sources */,
				72827EAF2E3D70EC00EBA534 /* SettingsAdhanView.swift in Sources */,
				72537C1E2F04338E00829F59 /* AppReview.swift in Sources */,
				726CDCA52FFFADF7004B77C5 /* FocusOverlay.swift in Sources */,
				72728CC02B3D1AA000FAA3B3 /* SettingsView.swift in Sources */,
				72574CD52E49F35600BFF138 /* AppIntents.swift in Sources */,
				72716AD42F946267003F15C1 /* PreviewSupport.swift in Sources */,
				724D09082FEFA8FB002C32AB /* AdhanView.swift in Sources */,
				724D093E2FEFA921002C32AB /* Highlighted.swift in Sources */,
				724D093F2FEFA921002C32AB /* SearchBar.swift in Sources */,
				724D09402FEFA921002C32AB /* GlassEffect.swift in Sources */,
				724D09412FEFA921002C32AB /* ViewExtensions.swift in Sources */,
				724D091D2FEFA906002C32AB /* IslamView.swift in Sources */,
				724D091E2FEFA906002C32AB /* NamesView.swift in Sources */,
				724D091F2FEFA906002C32AB /* ArabicView.swift in Sources */,
				724D09202FEFA906002C32AB /* DuaView.swift in Sources */,
				724D09212FEFA906002C32AB /* TasbihView.swift in Sources */,
				724D09222FEFA906002C32AB /* DateView.swift in Sources */,
				724D09232FEFA906002C32AB /* PillarsView.swift in Sources */,
				724D09242FEFA906002C32AB /* TajweedView.swift in Sources */,
				724D09252FEFA906002C32AB /* AdhkarView.swift in Sources */,
				724D09262FEFA906002C32AB /* MasjidView.swift in Sources */,
				724D09272FEFA906002C32AB /* WallpaperView.swift in Sources */,
				724D09092FEFA8FB002C32AB /* PrayerCountdown.swift in Sources */,
				724D090A2FEFA8FB002C32AB /* MapView.swift in Sources */,
				724D090B2FEFA8FB002C32AB /* AdhanStructs.swift in Sources */,
				724D090C2FEFA8FB002C32AB /* QiblaView.swift in Sources */,
				724D090D2FEFA8FB002C32AB /* AdhanShortcuts.swift in Sources */,
				724D090E2FEFA8FB002C32AB /* CalendarView.swift in Sources */,
				724D090F2FEFA8FB002C32AB /* PrayerList.swift in Sources */,
				724D09102FEFA8FB002C32AB /* PrayerMapView.swift in Sources */,
				720CCE452E3960BB002DD82E /* Globals.swift in Sources */,
				72728CB22B3D19CF00FAA3B3 /* LaunchScreen.swift in Sources */,
				720DEC682D2456FF006EA342 /* CreditsView.swift in Sources */,
				72728CC22B3D1AA300FAA3B3 /* Settings.swift in Sources */,
				72728C962B3D18E500FAA3B3 /* Al-AdhanApp.swift in Sources */,
			);
			runOnlyForDeploymentPostprocessing = 0;
		};
		72728CC32B3D1FF900FAA3B3 /* Sources */ = {
			isa = PBXSourcesBuildPhase;
			buildActionMask = 2147483647;
			files = (
				728D75FA2F79D9D100502B8A /* AppDelegate.swift in Sources */,
				724D09282FEFA906002C32AB /* IslamView.swift in Sources */,
				724D09292FEFA906002C32AB /* NamesView.swift in Sources */,
				724D092A2FEFA906002C32AB /* ArabicView.swift in Sources */,
				724D092B2FEFA906002C32AB /* DuaView.swift in Sources */,
				724D092C2FEFA906002C32AB /* TasbihView.swift in Sources */,
				724D092D2FEFA906002C32AB /* DateView.swift in Sources */,
				724D092E2FEFA906002C32AB /* PillarsView.swift in Sources */,
				724D092F2FEFA906002C32AB /* TajweedView.swift in Sources */,
				724D09302FEFA906002C32AB /* AdhkarView.swift in Sources */,
				724D09312FEFA906002C32AB /* MasjidView.swift in Sources */,
				724D09322FEFA906002C32AB /* WallpaperView.swift in Sources */,
				72574CD72E49F35600BFF138 /* AppIntents.swift in Sources */,
				72827EB02E3D70EC00EBA534 /* SettingsAdhanView.swift in Sources */,
				724D08FF2FEFA8FB002C32AB /* AdhanView.swift in Sources */,
				724D09002FEFA8FB002C32AB /* PrayerCountdown.swift in Sources */,
				724D09012FEFA8FB002C32AB /* MapView.swift in Sources */,
				724D09022FEFA8FB002C32AB /* AdhanStructs.swift in Sources */,
				724D09032FEFA8FB002C32AB /* QiblaView.swift in Sources */,
				724D093A2FEFA921002C32AB /* Highlighted.swift in Sources */,
				724D093B2FEFA921002C32AB /* SearchBar.swift in Sources */,
				724D093C2FEFA921002C32AB /* GlassEffect.swift in Sources */,
				724D093D2FEFA921002C32AB /* ViewExtensions.swift in Sources */,
				726CDCA42FFFADF7004B77C5 /* FocusOverlay.swift in Sources */,
				724D09042FEFA8FB002C32AB /* AdhanShortcuts.swift in Sources */,
				724D09052FEFA8FB002C32AB /* CalendarView.swift in Sources */,
				724D09062FEFA8FB002C32AB /* PrayerList.swift in Sources */,
				724D09072FEFA8FB002C32AB /* PrayerMapView.swift in Sources */,
				720CCE462E3960BB002DD82E /* Globals.swift in Sources */,
				72728CE82B3D205200FAA3B3 /* Settings.swift in Sources */,
				728E2EED2E6E048300F2C24C /* SettingsAdhan.swift in Sources */,
				729764BE2FE8DAFB00691EF5 /* WatchConnectivity.swift in Sources */,
				72728CCA2B3D1FF900FAA3B3 /* Al-AdhanApp.swift in Sources */,
				72728CDE2B3D204200FAA3B3 /* LaunchScreen.swift in Sources */,
				72716ABD2F946267003F15C1 /* PreviewSupport.swift in Sources */,
				72728CE92B3D205200FAA3B3 /* SettingsView.swift in Sources */,
				728D75FB2F79DA3F00502B8A /* AppReview.swift in Sources */,
				728D764C2F79DBDA00502B8A /* ArabicLetters.swift in Sources */,
			);
			runOnlyForDeploymentPostprocessing = 0;
		};
		72728CEC2B3D51B200FAA3B3 /* Sources */ = {
			isa = PBXSourcesBuildPhase;
			buildActionMask = 2147483647;
			files = (
				72716B312F946398003F15C1 /* Widgets.swift in Sources */,
				728D764D2F79DBDA00502B8A /* ArabicLetters.swift in Sources */,
				724D09332FEFA90C002C32AB /* AdhanStructs.swift in Sources */,
				724C66892FF08EEE00C0E1BB /* LockScreenLast3Widget.swift in Sources */,
				724C668A2FF08EEE00C0E1BB /* CountdownWidget.swift in Sources */,
				724C668B2FF08EEE00C0E1BB /* CountdownSimpleWidget.swift in Sources */,
				724C668C2FF08EEE00C0E1BB /* PrayersGridWidget.swift in Sources */,
				724C668D2FF08EEE00C0E1BB /* LockScreenNextWidget.swift in Sources */,
				724C668E2FF08EEE00C0E1BB /* LockScreenFirst3Widget.swift in Sources */,
				724C668F2FF08EEE00C0E1BB /* PrayersProvider.swift in Sources */,
				724C66902FF08EEE00C0E1BB /* PrayersSplitWidget.swift in Sources */,
				724C66912FF08EEE00C0E1BB /* LockScreenPrayerWidget.swift in Sources */,
				72728D282B3D52C400FAA3B3 /* Settings.swift in Sources */,
				728E2EEC2E6E048300F2C24C /* SettingsAdhan.swift in Sources */,
				720CCE432E3960BB002DD82E /* Globals.swift in Sources */,
			);
			runOnlyForDeploymentPostprocessing = 0;
		};
		72728D412B3D535600FAA3B3 /* Sources */ = {
			isa = PBXSourcesBuildPhase;
			buildActionMask = 2147483647;
			files = (
				728E2EEE2E6E048300F2C24C /* SettingsAdhan.swift in Sources */,
				728D764B2F79DBDA00502B8A /* ArabicLetters.swift in Sources */,
				724C66922FF08EF300C0E1BB /* PrayersProvider.swift in Sources */,
				72728D582B3D538400FAA3B3 /* Settings.swift in Sources */,
				724D09342FEFA90C002C32AB /* AdhanStructs.swift in Sources */,
				720CCE442E3960BB002DD82E /* Globals.swift in Sources */,
				72728D4A2B3D535600FAA3B3 /* Complication.swift in Sources */,
			);
			runOnlyForDeploymentPostprocessing = 0;
		};
/* End PBXSourcesBuildPhase section */

/* Begin PBXTargetDependency section */
		72728CD32B3D1FFA00FAA3B3 /* PBXTargetDependency */ = {
			isa = PBXTargetDependency;
			target = 72728CC62B3D1FF900FAA3B3 /* Watch */;
			targetProxy = 72728CD22B3D1FFA00FAA3B3 /* PBXContainerItemProxy */;
		};
		72728CFE2B3D51B300FAA3B3 /* PBXTargetDependency */ = {
			isa = PBXTargetDependency;
			target = 72728CEF2B3D51B200FAA3B3 /* Widget */;
			targetProxy = 72728CFD2B3D51B300FAA3B3 /* PBXContainerItemProxy */;
		};
		72728D4F2B3D535700FAA3B3 /* PBXTargetDependency */ = {
			isa = PBXTargetDependency;
			target = 72728D442B3D535600FAA3B3 /* Complication */;
			targetProxy = 72728D4E2B3D535700FAA3B3 /* PBXContainerItemProxy */;
		};
/* End PBXTargetDependency section */

/* Begin XCBuildConfiguration section */
		72728C9E2B3D18E600FAA3B3 /* Debug */ = {
			isa = XCBuildConfiguration;
			buildSettings = {
				ALWAYS_SEARCH_USER_PATHS = NO;
				ASSETCATALOG_COMPILER_GENERATE_SWIFT_ASSET_SYMBOL_EXTENSIONS = YES;
				CLANG_ANALYZER_NONNULL = YES;
				CLANG_ANALYZER_NUMBER_OBJECT_CONVERSION = YES_AGGRESSIVE;
				CLANG_CXX_LANGUAGE_STANDARD = "gnu++20";
				CLANG_ENABLE_MODULES = YES;
				CLANG_ENABLE_OBJC_ARC = YES;
				CLANG_ENABLE_OBJC_WEAK = YES;
				CLANG_WARN_BLOCK_CAPTURE_AUTORELEASING = YES;
				CLANG_WARN_BOOL_CONVERSION = YES;
				CLANG_WARN_COMMA = YES;
				CLANG_WARN_CONSTANT_CONVERSION = YES;
				CLANG_WARN_DEPRECATED_OBJC_IMPLEMENTATIONS = YES;
				CLANG_WARN_DIRECT_OBJC_ISA_USAGE = YES_ERROR;
				CLANG_WARN_DOCUMENTATION_COMMENTS = YES;
				CLANG_WARN_EMPTY_BODY = YES;
				CLANG_WARN_ENUM_CONVERSION = YES;
				CLANG_WARN_INFINITE_RECURSION = YES;
				CLANG_WARN_INT_CONVERSION = YES;
				CLANG_WARN_NON_LITERAL_NULL_CONVERSION = YES;
				CLANG_WARN_OBJC_IMPLICIT_RETAIN_SELF = YES;
				CLANG_WARN_OBJC_LITERAL_CONVERSION = YES;
				CLANG_WARN_OBJC_ROOT_CLASS = YES_ERROR;
				CLANG_WARN_QUOTED_INCLUDE_IN_FRAMEWORK_HEADER = YES;
				CLANG_WARN_RANGE_LOOP_ANALYSIS = YES;
				CLANG_WARN_STRICT_PROTOTYPES = YES;
				CLANG_WARN_SUSPICIOUS_MOVE = YES;
				CLANG_WARN_UNGUARDED_AVAILABILITY = YES_AGGRESSIVE;
				CLANG_WARN_UNREACHABLE_CODE = YES;
				CLANG_WARN__DUPLICATE_METHOD_MATCH = YES;
				CODE_SIGN_ENTITLEMENTS = Resources/Entitlements.entitlements;
				COPY_PHASE_STRIP = NO;
				DEBUG_INFORMATION_FORMAT = dwarf;
				DEVELOPMENT_TEAM = 8HQMC4MQ59;
				ENABLE_STRICT_OBJC_MSGSEND = YES;
				ENABLE_TESTABILITY = YES;
				ENABLE_USER_SCRIPT_SANDBOXING = YES;
				GCC_C_LANGUAGE_STANDARD = gnu17;
				GCC_DYNAMIC_NO_PIC = NO;
				GCC_NO_COMMON_BLOCKS = YES;
				GCC_OPTIMIZATION_LEVEL = 0;
				GCC_PREPROCESSOR_DEFINITIONS = (
					"DEBUG=1",
					"$(inherited)",
				);
				GCC_WARN_64_TO_32_BIT_CONVERSION = YES;
				GCC_WARN_ABOUT_RETURN_TYPE = YES_ERROR;
				GCC_WARN_UNDECLARED_SELECTOR = YES;
				GCC_WARN_UNINITIALIZED_AUTOS = YES_AGGRESSIVE;
				GCC_WARN_UNUSED_FUNCTION = YES;
				GCC_WARN_UNUSED_VARIABLE = YES;
				INFOPLIST_FILE = "";
				IPHONEOS_DEPLOYMENT_TARGET = 15.0;
				LOCALIZATION_PREFERS_STRING_CATALOGS = YES;
				MTL_ENABLE_DEBUG_INFO = INCLUDE_SOURCE;
				MTL_FAST_MATH = YES;
				ONLY_ACTIVE_ARCH = YES;
				SDKROOT = iphoneos;
				STRING_CATALOG_GENERATE_SYMBOLS = YES;
				SWIFT_ACTIVE_COMPILATION_CONDITIONS = "DEBUG $(inherited)";
				SWIFT_OPTIMIZATION_LEVEL = "-Onone";
				WATCHOS_DEPLOYMENT_TARGET = 9.0;
			};
			name = Debug;
		};
		72728C9F2B3D18E600FAA3B3 /* Release */ = {
			isa = XCBuildConfiguration;
			buildSettings = {
				ALWAYS_SEARCH_USER_PATHS = NO;
				ASSETCATALOG_COMPILER_GENERATE_SWIFT_ASSET_SYMBOL_EXTENSIONS = YES;
				CLANG_ANALYZER_NONNULL = YES;
				CLANG_ANALYZER_NUMBER_OBJECT_CONVERSION = YES_AGGRESSIVE;
				CLANG_CXX_LANGUAGE_STANDARD = "gnu++20";
				CLANG_ENABLE_MODULES = YES;
				CLANG_ENABLE_OBJC_ARC = YES;
				CLANG_ENABLE_OBJC_WEAK = YES;
				CLANG_WARN_BLOCK_CAPTURE_AUTORELEASING = YES;
				CLANG_WARN_BOOL_CONVERSION = YES;
				CLANG_WARN_COMMA = YES;
				CLANG_WARN_CONSTANT_CONVERSION = YES;
				CLANG_WARN_DEPRECATED_OBJC_IMPLEMENTATIONS = YES;
				CLANG_WARN_DIRECT_OBJC_ISA_USAGE = YES_ERROR;
				CLANG_WARN_DOCUMENTATION_COMMENTS = YES;
				CLANG_WARN_EMPTY_BODY = YES;
				CLANG_WARN_ENUM_CONVERSION = YES;
				CLANG_WARN_INFINITE_RECURSION = YES;
				CLANG_WARN_INT_CONVERSION = YES;
				CLANG_WARN_NON_LITERAL_NULL_CONVERSION = YES;
				CLANG_WARN_OBJC_IMPLICIT_RETAIN_SELF = YES;
				CLANG_WARN_OBJC_LITERAL_CONVERSION = YES;
				CLANG_WARN_OBJC_ROOT_CLASS = YES_ERROR;
				CLANG_WARN_QUOTED_INCLUDE_IN_FRAMEWORK_HEADER = YES;
				CLANG_WARN_RANGE_LOOP_ANALYSIS = YES;
				CLANG_WARN_STRICT_PROTOTYPES = YES;
				CLANG_WARN_SUSPICIOUS_MOVE = YES;
				CLANG_WARN_UNGUARDED_AVAILABILITY = YES_AGGRESSIVE;
				CLANG_WARN_UNREACHABLE_CODE = YES;
				CLANG_WARN__DUPLICATE_METHOD_MATCH = YES;
				CODE_SIGN_ENTITLEMENTS = Resources/Entitlements.entitlements;
				COPY_PHASE_STRIP = NO;
				DEBUG_INFORMATION_FORMAT = "dwarf-with-dsym";
				DEVELOPMENT_TEAM = 8HQMC4MQ59;
				ENABLE_NS_ASSERTIONS = NO;
				ENABLE_STRICT_OBJC_MSGSEND = YES;
				ENABLE_USER_SCRIPT_SANDBOXING = YES;
				GCC_C_LANGUAGE_STANDARD = gnu17;
				GCC_NO_COMMON_BLOCKS = YES;
				GCC_WARN_64_TO_32_BIT_CONVERSION = YES;
				GCC_WARN_ABOUT_RETURN_TYPE = YES_ERROR;
				GCC_WARN_UNDECLARED_SELECTOR = YES;
				GCC_WARN_UNINITIALIZED_AUTOS = YES_AGGRESSIVE;
				GCC_WARN_UNUSED_FUNCTION = YES;
				GCC_WARN_UNUSED_VARIABLE = YES;
				INFOPLIST_FILE = "";
				IPHONEOS_DEPLOYMENT_TARGET = 15.0;
				LOCALIZATION_PREFERS_STRING_CATALOGS = YES;
				MTL_ENABLE_DEBUG_INFO = NO;
				MTL_FAST_MATH = YES;
				SDKROOT = iphoneos;
				STRING_CATALOG_GENERATE_SYMBOLS = YES;
				SWIFT_COMPILATION_MODE = wholemodule;
				VALIDATE_PRODUCT = YES;
				WATCHOS_DEPLOYMENT_TARGET = 9.0;
			};
			name = Release;
		};
		72728CA12B3D18E600FAA3B3 /* Debug */ = {
			isa = XCBuildConfiguration;
			buildSettings = {
				ASSETCATALOG_COMPILER_APPICON_NAME = "AppIcon Phone";
				ASSETCATALOG_COMPILER_GLOBAL_ACCENT_COLOR_NAME = AccentColor;
				CODE_SIGN_ENTITLEMENTS = "Resources/Entitlements-Main.entitlements";
				CODE_SIGN_STYLE = Automatic;
				CURRENT_PROJECT_VERSION = 1;
				ENABLE_PREVIEWS = YES;
				GENERATE_INFOPLIST_FILE = YES;
				INFOPLIST_FILE = "Resources/Info-Main.plist";
				INFOPLIST_KEY_CFBundleDisplayName = "Al-Adhan";
				INFOPLIST_KEY_LSApplicationCategoryType = "public.app-category.utilities";
				INFOPLIST_KEY_NSLocationAlwaysAndWhenInUseUsageDescription = "Needed to accurately determine prayer times based on where you are (your location stays on your device).";
				INFOPLIST_KEY_NSLocationAlwaysUsageDescription = "Needed to accurately determine prayer times based on where you are (your location stays on your device).";
				INFOPLIST_KEY_NSLocationWhenInUseUsageDescription = "Needed to accurately determine prayer times based on where you are (your location stays on your device).";
				INFOPLIST_KEY_NSPhotoLibraryAddUsageDescription = "Used to save wallpapers you choose to your Photo Library.";
				INFOPLIST_KEY_UIApplicationSceneManifest_Generation = YES;
				INFOPLIST_KEY_UIApplicationSupportsIndirectInputEvents = YES;
				INFOPLIST_KEY_UILaunchScreen_Generation = YES;
				INFOPLIST_KEY_UISupportedInterfaceOrientations_iPad = "UIInterfaceOrientationPortrait UIInterfaceOrientationPortraitUpsideDown UIInterfaceOrientationLandscapeLeft UIInterfaceOrientationLandscapeRight";
				INFOPLIST_KEY_UISupportedInterfaceOrientations_iPhone = "UIInterfaceOrientationPortrait UIInterfaceOrientationLandscapeLeft UIInterfaceOrientationLandscapeRight";
				IPHONEOS_DEPLOYMENT_TARGET = 15.0;
				LD_RUNPATH_SEARCH_PATHS = (
					"$(inherited)",
					"@executable_path/Frameworks",
				);
				MARKETING_VERSION = 2.5.3;
				PRODUCT_BUNDLE_IDENTIFIER = "com.Quran.Elmallah.Prayer-Times";
				PRODUCT_NAME = "$(TARGET_NAME)";
				SWIFT_EMIT_LOC_STRINGS = YES;
				SWIFT_VERSION = 5.0;
				TARGETED_DEVICE_FAMILY = "1,2";
			};
			name = Debug;
		};
		72728CA22B3D18E600FAA3B3 /* Release */ = {
			isa = XCBuildConfiguration;
			buildSettings = {
				ASSETCATALOG_COMPILER_APPICON_NAME = "AppIcon Phone";
				ASSETCATALOG_COMPILER_GLOBAL_ACCENT_COLOR_NAME = AccentColor;
				CODE_SIGN_ENTITLEMENTS = "Resources/Entitlements-Main.entitlements";
				CODE_SIGN_STYLE = Automatic;
				CURRENT_PROJECT_VERSION = 1;
				ENABLE_PREVIEWS = YES;
				GENERATE_INFOPLIST_FILE = YES;
				INFOPLIST_FILE = "Resources/Info-Main.plist";
				INFOPLIST_KEY_CFBundleDisplayName = "Al-Adhan";
				INFOPLIST_KEY_LSApplicationCategoryType = "public.app-category.utilities";
				INFOPLIST_KEY_NSLocationAlwaysAndWhenInUseUsageDescription = "Needed to accurately determine prayer times based on where you are (your location stays on your device).";
				INFOPLIST_KEY_NSLocationAlwaysUsageDescription = "Needed to accurately determine prayer times based on where you are (your location stays on your device).";
				INFOPLIST_KEY_NSLocationWhenInUseUsageDescription = "Needed to accurately determine prayer times based on where you are (your location stays on your device).";
				INFOPLIST_KEY_NSPhotoLibraryAddUsageDescription = "Used to save wallpapers you choose to your Photo Library.";
				INFOPLIST_KEY_UIApplicationSceneManifest_Generation = YES;
				INFOPLIST_KEY_UIApplicationSupportsIndirectInputEvents = YES;
				INFOPLIST_KEY_UILaunchScreen_Generation = YES;
				INFOPLIST_KEY_UISupportedInterfaceOrientations_iPad = "UIInterfaceOrientationPortrait UIInterfaceOrientationPortraitUpsideDown UIInterfaceOrientationLandscapeLeft UIInterfaceOrientationLandscapeRight";
				INFOPLIST_KEY_UISupportedInterfaceOrientations_iPhone = "UIInterfaceOrientationPortrait UIInterfaceOrientationLandscapeLeft UIInterfaceOrientationLandscapeRight";
				IPHONEOS_DEPLOYMENT_TARGET = 15.0;
				LD_RUNPATH_SEARCH_PATHS = (
					"$(inherited)",
					"@executable_path/Frameworks",
				);
				MARKETING_VERSION = 2.5.3;
				PRODUCT_BUNDLE_IDENTIFIER = "com.Quran.Elmallah.Prayer-Times";
				PRODUCT_NAME = "$(TARGET_NAME)";
				SWIFT_EMIT_LOC_STRINGS = YES;
				SWIFT_VERSION = 5.0;
				TARGETED_DEVICE_FAMILY = "1,2";
			};
			name = Release;
		};
		72728CD62B3D1FFA00FAA3B3 /* Debug */ = {
			isa = XCBuildConfiguration;
			buildSettings = {
				ASSETCATALOG_COMPILER_APPICON_NAME = "AppIcon Watch";
				ASSETCATALOG_COMPILER_GLOBAL_ACCENT_COLOR_NAME = AccentColor;
				CODE_SIGN_ENTITLEMENTS = "Resources/Entitlements-Main.entitlements";
				CODE_SIGN_STYLE = Automatic;
				CURRENT_PROJECT_VERSION = 1;
				ENABLE_PREVIEWS = YES;
				GENERATE_INFOPLIST_FILE = YES;
				INFOPLIST_FILE = "Resources/Info-Main.plist";
				INFOPLIST_KEY_CFBundleDisplayName = "Al-Adhan";
				INFOPLIST_KEY_NSLocationAlwaysAndWhenInUseUsageDescription = "Needed to accurately determine prayer times based on where you are (your location stays on your device).";
				INFOPLIST_KEY_NSLocationAlwaysUsageDescription = "Needed to accurately determine prayer times based on where you are (your location stays on your device).";
				INFOPLIST_KEY_NSLocationWhenInUseUsageDescription = "Needed to accurately determine prayer times based on where you are (your location stays on your device).";
				INFOPLIST_KEY_UISupportedInterfaceOrientations = "UIInterfaceOrientationPortrait UIInterfaceOrientationPortraitUpsideDown";
				INFOPLIST_KEY_WKCompanionAppBundleIdentifier = "com.Quran.Elmallah.Prayer-Times";
				INFOPLIST_KEY_WKRunsIndependentlyOfCompanionApp = YES;
				LD_RUNPATH_SEARCH_PATHS = (
					"$(inherited)",
					"@executable_path/Frameworks",
				);
				MARKETING_VERSION = 2.5.3;
				PRODUCT_BUNDLE_IDENTIFIER = "com.Quran.Elmallah.Prayer-Times.watchkitapp";
				PRODUCT_NAME = "Al-Adhan";
				SDKROOT = watchos;
				SKIP_INSTALL = YES;
				SWIFT_EMIT_LOC_STRINGS = YES;
				SWIFT_VERSION = 5.0;
				TARGETED_DEVICE_FAMILY = 4;
				WATCHOS_DEPLOYMENT_TARGET = 9.0;
			};
			name = Debug;
		};
		72728CD72B3D1FFA00FAA3B3 /* Release */ = {
			isa = XCBuildConfiguration;
			buildSettings = {
				ASSETCATALOG_COMPILER_APPICON_NAME = "AppIcon Watch";
				ASSETCATALOG_COMPILER_GLOBAL_ACCENT_COLOR_NAME = AccentColor;
				CODE_SIGN_ENTITLEMENTS = "Resources/Entitlements-Main.entitlements";
				CODE_SIGN_STYLE = Automatic;
				CURRENT_PROJECT_VERSION = 1;
				ENABLE_PREVIEWS = YES;
				GENERATE_INFOPLIST_FILE = YES;
				INFOPLIST_FILE = "Resources/Info-Main.plist";
				INFOPLIST_KEY_CFBundleDisplayName = "Al-Adhan";
				INFOPLIST_KEY_NSLocationAlwaysAndWhenInUseUsageDescription = "Needed to accurately determine prayer times based on where you are (your location stays on your device).";
				INFOPLIST_KEY_NSLocationAlwaysUsageDescription = "Needed to accurately determine prayer times based on where you are (your location stays on your device).";
				INFOPLIST_KEY_NSLocationWhenInUseUsageDescription = "Needed to accurately determine prayer times based on where you are (your location stays on your device).";
				INFOPLIST_KEY_UISupportedInterfaceOrientations = "UIInterfaceOrientationPortrait UIInterfaceOrientationPortraitUpsideDown";
				INFOPLIST_KEY_WKCompanionAppBundleIdentifier = "com.Quran.Elmallah.Prayer-Times";
				INFOPLIST_KEY_WKRunsIndependentlyOfCompanionApp = YES;
				LD_RUNPATH_SEARCH_PATHS = (
					"$(inherited)",
					"@executable_path/Frameworks",
				);
				MARKETING_VERSION = 2.5.3;
				PRODUCT_BUNDLE_IDENTIFIER = "com.Quran.Elmallah.Prayer-Times.watchkitapp";
				PRODUCT_NAME = "Al-Adhan";
				SDKROOT = watchos;
				SKIP_INSTALL = YES;
				SWIFT_EMIT_LOC_STRINGS = YES;
				SWIFT_VERSION = 5.0;
				TARGETED_DEVICE_FAMILY = 4;
				WATCHOS_DEPLOYMENT_TARGET = 9.0;
			};
			name = Release;
		};
		72728D012B3D51B300FAA3B3 /* Debug */ = {
			isa = XCBuildConfiguration;
			buildSettings = {
				ASSETCATALOG_COMPILER_GLOBAL_ACCENT_COLOR_NAME = AccentColor;
				ASSETCATALOG_COMPILER_WIDGET_BACKGROUND_COLOR_NAME = "";
				CODE_SIGN_ENTITLEMENTS = "Resources/Entitlements-Widget.entitlements";
				CODE_SIGN_STYLE = Automatic;
				CURRENT_PROJECT_VERSION = 1;
				GENERATE_INFOPLIST_FILE = YES;
				INFOPLIST_FILE = "Resources/Info-Widget.plist";
				INFOPLIST_KEY_CFBundleDisplayName = "Al-Adhan";
				INFOPLIST_KEY_NSHumanReadableCopyright = "";
				IPHONEOS_DEPLOYMENT_TARGET = 15.0;
				LD_RUNPATH_SEARCH_PATHS = (
					"$(inherited)",
					"@executable_path/Frameworks",
					"@executable_path/../../Frameworks",
				);
				MARKETING_VERSION = 2.5.3;
				PRODUCT_BUNDLE_IDENTIFIER = "com.Quran.Elmallah.Prayer-Times.Widget";
				PRODUCT_NAME = "$(TARGET_NAME)";
				SKIP_INSTALL = YES;
				SWIFT_EMIT_LOC_STRINGS = YES;
				SWIFT_VERSION = 5.0;
				TARGETED_DEVICE_FAMILY = "1,2";
			};
			name = Debug;
		};
		72728D022B3D51B300FAA3B3 /* Release */ = {
			isa = XCBuildConfiguration;
			buildSettings = {
				ASSETCATALOG_COMPILER_GLOBAL_ACCENT_COLOR_NAME = AccentColor;
				ASSETCATALOG_COMPILER_WIDGET_BACKGROUND_COLOR_NAME = "";
				CODE_SIGN_ENTITLEMENTS = "Resources/Entitlements-Widget.entitlements";
				CODE_SIGN_STYLE = Automatic;
				CURRENT_PROJECT_VERSION = 1;
				GENERATE_INFOPLIST_FILE = YES;
				INFOPLIST_FILE = "Resources/Info-Widget.plist";
				INFOPLIST_KEY_CFBundleDisplayName = "Al-Adhan";
				INFOPLIST_KEY_NSHumanReadableCopyright = "";
				IPHONEOS_DEPLOYMENT_TARGET = 15.0;
				LD_RUNPATH_SEARCH_PATHS = (
					"$(inherited)",
					"@executable_path/Frameworks",
					"@executable_path/../../Frameworks",
				);
				MARKETING_VERSION = 2.5.3;
				PRODUCT_BUNDLE_IDENTIFIER = "com.Quran.Elmallah.Prayer-Times.Widget";
				PRODUCT_NAME = "$(TARGET_NAME)";
				SKIP_INSTALL = YES;
				SWIFT_EMIT_LOC_STRINGS = YES;
				SWIFT_VERSION = 5.0;
				TARGETED_DEVICE_FAMILY = "1,2";
			};
			name = Release;
		};
		72728D522B3D535700FAA3B3 /* Debug */ = {
			isa = XCBuildConfiguration;
			buildSettings = {
				ASSETCATALOG_COMPILER_GLOBAL_ACCENT_COLOR_NAME = AccentColor;
				ASSETCATALOG_COMPILER_WIDGET_BACKGROUND_COLOR_NAME = "";
				CODE_SIGN_ENTITLEMENTS = "Resources/Entitlements-Widget.entitlements";
				CODE_SIGN_STYLE = Automatic;
				CURRENT_PROJECT_VERSION = 1;
				GENERATE_INFOPLIST_FILE = YES;
				INFOPLIST_FILE = "Resources/Info-Widget.plist";
				INFOPLIST_KEY_CFBundleDisplayName = "Al-Adhan";
				INFOPLIST_KEY_NSHumanReadableCopyright = "";
				LD_RUNPATH_SEARCH_PATHS = (
					"$(inherited)",
					"@executable_path/Frameworks",
					"@executable_path/../../Frameworks",
					"@executable_path/../../../../Frameworks",
				);
				MARKETING_VERSION = 2.5.3;
				PRODUCT_BUNDLE_IDENTIFIER = "com.Quran.Elmallah.Prayer-Times.watchkitapp.Complication1";
				PRODUCT_NAME = "$(TARGET_NAME)";
				SDKROOT = watchos;
				SKIP_INSTALL = YES;
				SWIFT_EMIT_LOC_STRINGS = YES;
				SWIFT_VERSION = 5.0;
				TARGETED_DEVICE_FAMILY = 4;
				WATCHOS_DEPLOYMENT_TARGET = 9.0;
			};
			name = Debug;
		};
		72728D532B3D535700FAA3B3 /* Release */ = {
			isa = XCBuildConfiguration;
			buildSettings = {
				ASSETCATALOG_COMPILER_GLOBAL_ACCENT_COLOR_NAME = AccentColor;
				ASSETCATALOG_COMPILER_WIDGET_BACKGROUND_COLOR_NAME = "";
				CODE_SIGN_ENTITLEMENTS = "Resources/Entitlements-Widget.entitlements";
				CODE_SIGN_STYLE = Automatic;
				CURRENT_PROJECT_VERSION = 1;
				GENERATE_INFOPLIST_FILE = YES;
				INFOPLIST_FILE = "Resources/Info-Widget.plist";
				INFOPLIST_KEY_CFBundleDisplayName = "Al-Adhan";
				INFOPLIST_KEY_NSHumanReadableCopyright = "";
				LD_RUNPATH_SEARCH_PATHS = (
					"$(inherited)",
					"@executable_path/Frameworks",
					"@executable_path/../../Frameworks",
					"@executable_path/../../../../Frameworks",
				);
				MARKETING_VERSION = 2.5.3;
				PRODUCT_BUNDLE_IDENTIFIER = "com.Quran.Elmallah.Prayer-Times.watchkitapp.Complication1";
				PRODUCT_NAME = "$(TARGET_NAME)";
				SDKROOT = watchos;
				SKIP_INSTALL = YES;
				SWIFT_EMIT_LOC_STRINGS = YES;
				SWIFT_VERSION = 5.0;
				TARGETED_DEVICE_FAMILY = 4;
				WATCHOS_DEPLOYMENT_TARGET = 9.0;
			};
			name = Release;
		};
/* End XCBuildConfiguration section */

/* Begin XCConfigurationList section */
		72728C8D2B3D18E500FAA3B3 /* Build configuration list for PBXProject "Al-Adhan" */ = {
			isa = XCConfigurationList;
			buildConfigurations = (
				72728C9E2B3D18E600FAA3B3 /* Debug */,
				72728C9F2B3D18E600FAA3B3 /* Release */,
			);
			defaultConfigurationIsVisible = 0;
			defaultConfigurationName = Release;
		};
		72728CA02B3D18E600FAA3B3 /* Build configuration list for PBXNativeTarget "iPhone" */ = {
			isa = XCConfigurationList;
			buildConfigurations = (
				72728CA12B3D18E600FAA3B3 /* Debug */,
				72728CA22B3D18E600FAA3B3 /* Release */,
			);
			defaultConfigurationIsVisible = 0;
			defaultConfigurationName = Release;
		};
		72728CD52B3D1FFA00FAA3B3 /* Build configuration list for PBXNativeTarget "Watch" */ = {
			isa = XCConfigurationList;
			buildConfigurations = (
				72728CD62B3D1FFA00FAA3B3 /* Debug */,
				72728CD72B3D1FFA00FAA3B3 /* Release */,
			);
			defaultConfigurationIsVisible = 0;
			defaultConfigurationName = Release;
		};
		72728D002B3D51B300FAA3B3 /* Build configuration list for PBXNativeTarget "Widget" */ = {
			isa = XCConfigurationList;
			buildConfigurations = (
				72728D012B3D51B300FAA3B3 /* Debug */,
				72728D022B3D51B300FAA3B3 /* Release */,
			);
			defaultConfigurationIsVisible = 0;
			defaultConfigurationName = Release;
		};
		72728D512B3D535700FAA3B3 /* Build configuration list for PBXNativeTarget "Complication" */ = {
			isa = XCConfigurationList;
			buildConfigurations = (
				72728D522B3D535700FAA3B3 /* Debug */,
				72728D532B3D535700FAA3B3 /* Release */,
			);
			defaultConfigurationIsVisible = 0;
			defaultConfigurationName = Release;
		};
/* End XCConfigurationList section */

/* Begin XCLocalSwiftPackageReference section */
		72728CA52B3D196B00FAA3B3 /* XCLocalSwiftPackageReference "adhan-swift-main" */ = {
			isa = XCLocalSwiftPackageReference;
			relativePath = "adhan-swift-main";
		};
/* End XCLocalSwiftPackageReference section */

/* Begin XCSwiftPackageProductDependency section */
		72C30E8C2BCC648400F54570 /* Adhan */ = {
			isa = XCSwiftPackageProductDependency;
			productName = Adhan;
		};
		72C30E8E2BCC649400F54570 /* Adhan */ = {
			isa = XCSwiftPackageProductDependency;
			productName = Adhan;
		};
		72C30E902BCC649C00F54570 /* Adhan */ = {
			isa = XCSwiftPackageProductDependency;
			productName = Adhan;
		};
		72C30E922BCC64A600F54570 /* Adhan */ = {
			isa = XCSwiftPackageProductDependency;
			productName = Adhan;
		};
/* End XCSwiftPackageProductDependency section */
	};
	rootObject = 72728C8A2B3D18E500FAA3B3 /* Project object */;
}
